// !$*UTF8*$!
{
	archiveVersion = 1;
	classes = {
	};
	objectVersion = 51;
	objects = {

/* Begin PBXBuildFile section */
		762DC302F9018BFE8767BD04 /* Pods_FinalMamiCampTests.framework in Frameworks */ = {isa = PBXBuildFile; fileRef = 33BCDF26F686E3AD0F63AA08 /* Pods_FinalMamiCampTests.framework */; };
		7B43F5642495CEBD0049ABDE /* GenreViewController+UICollectionView.swift in Sources */ = {isa = PBXBuildFile; fileRef = 7B43F5632495CEBD0049ABDE /* GenreViewController+UICollectionView.swift */; };
		7B4E30E52495E97F002F72AA /* GetGenre.swift in Sources */ = {isa = PBXBuildFile; fileRef = 7B4E30E42495E97F002F72AA /* GetGenre.swift */; };
		7B4E30E724960EF6002F72AA /* GenreCell.swift in Sources */ = {isa = PBXBuildFile; fileRef = 7B4E30E624960EF6002F72AA /* GenreCell.swift */; };
		7B4E310024961E86002F72AA /* BookPresenterProtocol.swift in Sources */ = {isa = PBXBuildFile; fileRef = 7B4E30F924961E86002F72AA /* BookPresenterProtocol.swift */; };
		7B4E310124961E86002F72AA /* BookViewPresenterToView.swift in Sources */ = {isa = PBXBuildFile; fileRef = 7B4E30FA24961E86002F72AA /* BookViewPresenterToView.swift */; };
		7B4E310224961E86002F72AA /* BookRouter.swift in Sources */ = {isa = PBXBuildFile; fileRef = 7B4E30FB24961E86002F72AA /* BookRouter.swift */; };
		7B4E310324961E86002F72AA /* BookPresenter.swift in Sources */ = {isa = PBXBuildFile; fileRef = 7B4E30FC24961E86002F72AA /* BookPresenter.swift */; };
		7B4E310424961E86002F72AA /* BookViewController.swift in Sources */ = {isa = PBXBuildFile; fileRef = 7B4E30FD24961E86002F72AA /* BookViewController.swift */; };
		7B4E310524961E86002F72AA /* BookInteractor.swift in Sources */ = {isa = PBXBuildFile; fileRef = 7B4E30FE24961E86002F72AA /* BookInteractor.swift */; };
		7B4E310624961E86002F72AA /* BookEntity.swift in Sources */ = {isa = PBXBuildFile; fileRef = 7B4E30FF24961E86002F72AA /* BookEntity.swift */; };
		7B4E310D24961F6B002F72AA /* BookCell.swift in Sources */ = {isa = PBXBuildFile; fileRef = 7B4E310C24961F6B002F72AA /* BookCell.swift */; };
		7B5266992495094B009B5A39 /* R.generated.swift in Sources */ = {isa = PBXBuildFile; fileRef = 7B5266982495094B009B5A39 /* R.generated.swift */; };
		7B5266D924950997009B5A39 /* UICollectionView+EmptyView.swift in Sources */ = {isa = PBXBuildFile; fileRef = 7B52669C24950997009B5A39 /* UICollectionView+EmptyView.swift */; };
		7B5266DA24950997009B5A39 /* UIImageView+Extension.swift in Sources */ = {isa = PBXBuildFile; fileRef = 7B52669D24950997009B5A39 /* UIImageView+Extension.swift */; };
		7B5266DB24950997009B5A39 /* FontStyle.swift in Sources */ = {isa = PBXBuildFile; fileRef = 7B52669E24950997009B5A39 /* FontStyle.swift */; };
		7B5266DC24950997009B5A39 /* UITub.swift in Sources */ = {isa = PBXBuildFile; fileRef = 7B52669F24950997009B5A39 /* UITub.swift */; };
		7B5266DD24950997009B5A39 /* UIColor+Custom.swift in Sources */ = {isa = PBXBuildFile; fileRef = 7B5266A024950997009B5A39 /* UIColor+Custom.swift */; };
		7B5266DE24950997009B5A39 /* UIView+Extension.swift in Sources */ = {isa = PBXBuildFile; fileRef = 7B5266A124950997009B5A39 /* UIView+Extension.swift */; };
		7B5266DF24950997009B5A39 /* UIImage+Extension.swift in Sources */ = {isa = PBXBuildFile; fileRef = 7B5266A224950997009B5A39 /* UIImage+Extension.swift */; };
		7B5266E024950997009B5A39 /* UIViewController+Extension.swift in Sources */ = {isa = PBXBuildFile; fileRef = 7B5266A324950997009B5A39 /* UIViewController+Extension.swift */; };
		7B5266E124950997009B5A39 /* Dimension.swift in Sources */ = {isa = PBXBuildFile; fileRef = 7B5266A424950997009B5A39 /* Dimension.swift */; };
		7B5266E224950997009B5A39 /* DZACollectionViewFlowLayout.swift in Sources */ = {isa = PBXBuildFile; fileRef = 7B5266A524950997009B5A39 /* DZACollectionViewFlowLayout.swift */; };
		7B5266E324950997009B5A39 /* UICollectionView+Extension.swift in Sources */ = {isa = PBXBuildFile; fileRef = 7B5266A624950997009B5A39 /* UICollectionView+Extension.swift */; };
		7B5266E424950997009B5A39 /* DZAAlert.swift in Sources */ = {isa = PBXBuildFile; fileRef = 7B5266A724950997009B5A39 /* DZAAlert.swift */; };
		7B5266E524950997009B5A39 /* UITextField+Extension.swift in Sources */ = {isa = PBXBuildFile; fileRef = 7B5266A824950997009B5A39 /* UITextField+Extension.swift */; };
		7B5266E624950997009B5A39 /* UINavigationController.swift in Sources */ = {isa = PBXBuildFile; fileRef = 7B5266A924950997009B5A39 /* UINavigationController.swift */; };
		7B5266E724950997009B5A39 /* Pholidota.swift in Sources */ = {isa = PBXBuildFile; fileRef = 7B5266AB24950997009B5A39 /* Pholidota.swift */; };
		7B5266E824950997009B5A39 /* Snacky.swift in Sources */ = {isa = PBXBuildFile; fileRef = 7B5266AD24950997009B5A39 /* Snacky.swift */; };
		7B5266E924950997009B5A39 /* SnackyView.swift in Sources */ = {isa = PBXBuildFile; fileRef = 7B5266AE24950997009B5A39 /* SnackyView.swift */; };
		7B5266EA24950997009B5A39 /* HalfModalPresentationController.swift in Sources */ = {isa = PBXBuildFile; fileRef = 7B5266B024950997009B5A39 /* HalfModalPresentationController.swift */; };
		7B5266EB24950997009B5A39 /* ContainerModalViewController.swift in Sources */ = {isa = PBXBuildFile; fileRef = 7B5266B124950997009B5A39 /* ContainerModalViewController.swift */; };
		7B5266EC24950997009B5A39 /* HalfModalInteractiveTransition.swift in Sources */ = {isa = PBXBuildFile; fileRef = 7B5266B224950997009B5A39 /* HalfModalInteractiveTransition.swift */; };
		7B5266ED24950997009B5A39 /* HalfModalTransitionAnimator.swift in Sources */ = {isa = PBXBuildFile; fileRef = 7B5266B324950997009B5A39 /* HalfModalTransitionAnimator.swift */; };
		7B5266EE24950997009B5A39 /* HalfModalTransitioningDelegate.swift in Sources */ = {isa = PBXBuildFile; fileRef = 7B5266B424950997009B5A39 /* HalfModalTransitioningDelegate.swift */; };
		7B5266EF24950997009B5A39 /* KeychainSwift.swift in Sources */ = {isa = PBXBuildFile; fileRef = 7B5266B624950997009B5A39 /* KeychainSwift.swift */; };
		7B5266F024950997009B5A39 /* TegKeychainConstants.swift in Sources */ = {isa = PBXBuildFile; fileRef = 7B5266B724950997009B5A39 /* TegKeychainConstants.swift */; };
		7B5266F124950997009B5A39 /* DZAKeychain.swift in Sources */ = {isa = PBXBuildFile; fileRef = 7B5266B824950997009B5A39 /* DZAKeychain.swift */; };
		7B5266F224950997009B5A39 /* KeychainSwiftAccessOptions.swift in Sources */ = {isa = PBXBuildFile; fileRef = 7B5266B924950997009B5A39 /* KeychainSwiftAccessOptions.swift */; };
		7B5266F324950997009B5A39 /* BottomSheetBackgroundView.swift in Sources */ = {isa = PBXBuildFile; fileRef = 7B5266BB24950997009B5A39 /* BottomSheetBackgroundView.swift */; };
		7B5266F424950997009B5A39 /* BottomSheetContainerView.swift in Sources */ = {isa = PBXBuildFile; fileRef = 7B5266BC24950997009B5A39 /* BottomSheetContainerView.swift */; };
		7B5266F524950997009B5A39 /* DZAButton.swift in Sources */ = {isa = PBXBuildFile; fileRef = 7B5266BE24950997009B5A39 /* DZAButton.swift */; };
		7B5266F624950997009B5A39 /* ImageLoader.swift in Sources */ = {isa = PBXBuildFile; fileRef = 7B5266BF24950997009B5A39 /* ImageLoader.swift */; };
		7B5266F724950997009B5A39 /* IconLabel.swift in Sources */ = {isa = PBXBuildFile; fileRef = 7B5266C024950997009B5A39 /* IconLabel.swift */; };
		7B5266F824950997009B5A39 /* DZATextField.swift in Sources */ = {isa = PBXBuildFile; fileRef = 7B5266C124950997009B5A39 /* DZATextField.swift */; };
		7B5266F924950997009B5A39 /* RatingView.swift in Sources */ = {isa = PBXBuildFile; fileRef = 7B5266C224950997009B5A39 /* RatingView.swift */; };
		7B5266FA24950997009B5A39 /* RoseTextField.swift in Sources */ = {isa = PBXBuildFile; fileRef = 7B5266C324950997009B5A39 /* RoseTextField.swift */; };
		7B5266FB24950997009B5A39 /* DZALabelHint.swift in Sources */ = {isa = PBXBuildFile; fileRef = 7B5266C424950997009B5A39 /* DZALabelHint.swift */; };
		7B5266FC24950997009B5A39 /* DZATextView.swift in Sources */ = {isa = PBXBuildFile; fileRef = 7B5266C524950997009B5A39 /* DZATextView.swift */; };
		7B5266FD24950997009B5A39 /* OtpTextField.swift in Sources */ = {isa = PBXBuildFile; fileRef = 7B5266C624950997009B5A39 /* OtpTextField.swift */; };
		7B5266FE24950997009B5A39 /* DZASpinner.swift in Sources */ = {isa = PBXBuildFile; fileRef = 7B5266C724950997009B5A39 /* DZASpinner.swift */; };
		7B5266FF24950997009B5A39 /* QRCodeView.swift in Sources */ = {isa = PBXBuildFile; fileRef = 7B5266C824950997009B5A39 /* QRCodeView.swift */; };
		7B52670024950997009B5A39 /* DZACountDownTimer.swift in Sources */ = {isa = PBXBuildFile; fileRef = 7B5266C924950997009B5A39 /* DZACountDownTimer.swift */; };
		7B52670124950997009B5A39 /* DZARefreshControl.swift in Sources */ = {isa = PBXBuildFile; fileRef = 7B5266CA24950997009B5A39 /* DZARefreshControl.swift */; };
		7B52670224950997009B5A39 /* DZAEmptyView.swift in Sources */ = {isa = PBXBuildFile; fileRef = 7B5266CB24950997009B5A39 /* DZAEmptyView.swift */; };
		7B52670324950997009B5A39 /* InputValidator.swift in Sources */ = {isa = PBXBuildFile; fileRef = 7B5266CD24950997009B5A39 /* InputValidator.swift */; };
		7B52670424950997009B5A39 /* Global.swift in Sources */ = {isa = PBXBuildFile; fileRef = 7B5266CE24950997009B5A39 /* Global.swift */; };
		7B52670524950997009B5A39 /* AuthLogout.swift in Sources */ = {isa = PBXBuildFile; fileRef = 7B5266CF24950997009B5A39 /* AuthLogout.swift */; };
		7B52670624950997009B5A39 /* CountDownTimer.swift in Sources */ = {isa = PBXBuildFile; fileRef = 7B5266D024950997009B5A39 /* CountDownTimer.swift */; };
		7B52670724950997009B5A39 /* DZAThirdPartyApp.swift in Sources */ = {isa = PBXBuildFile; fileRef = 7B5266D124950997009B5A39 /* DZAThirdPartyApp.swift */; };
		7B52670824950997009B5A39 /* UILabel+Extension.swift in Sources */ = {isa = PBXBuildFile; fileRef = 7B5266D224950997009B5A39 /* UILabel+Extension.swift */; };
		7B52670924950997009B5A39 /* TextFieldFilter.swift in Sources */ = {isa = PBXBuildFile; fileRef = 7B5266D324950997009B5A39 /* TextFieldFilter.swift */; };
		7B52670A24950997009B5A39 /* Encodable+Extension.swift in Sources */ = {isa = PBXBuildFile; fileRef = 7B5266D424950997009B5A39 /* Encodable+Extension.swift */; };
		7B52670B24950997009B5A39 /* Double+Extension.swift in Sources */ = {isa = PBXBuildFile; fileRef = 7B5266D524950997009B5A39 /* Double+Extension.swift */; };
		7B52670C24950997009B5A39 /* DZAFormatter.swift in Sources */ = {isa = PBXBuildFile; fileRef = 7B5266D624950997009B5A39 /* DZAFormatter.swift */; };
		7B52670D24950997009B5A39 /* String+Extension.swift in Sources */ = {isa = PBXBuildFile; fileRef = 7B5266D724950997009B5A39 /* String+Extension.swift */; };
		7B52670E24950997009B5A39 /* Debouncer.swift in Sources */ = {isa = PBXBuildFile; fileRef = 7B5266D824950997009B5A39 /* Debouncer.swift */; };
		7B526718249509EA009B5A39 /* GenrePresenterProtocol.swift in Sources */ = {isa = PBXBuildFile; fileRef = 7B526711249509EA009B5A39 /* GenrePresenterProtocol.swift */; };
		7B526719249509EA009B5A39 /* GenreViewPresenterToView.swift in Sources */ = {isa = PBXBuildFile; fileRef = 7B526712249509EA009B5A39 /* GenreViewPresenterToView.swift */; };
		7B52671A249509EA009B5A39 /* GenreRouter.swift in Sources */ = {isa = PBXBuildFile; fileRef = 7B526713249509EA009B5A39 /* GenreRouter.swift */; };
		7B52671B249509EA009B5A39 /* GenrePresenter.swift in Sources */ = {isa = PBXBuildFile; fileRef = 7B526714249509EA009B5A39 /* GenrePresenter.swift */; };
		7B52671C249509EA009B5A39 /* GenreViewController.swift in Sources */ = {isa = PBXBuildFile; fileRef = 7B526715249509EA009B5A39 /* GenreViewController.swift */; };
		7B52671D249509EA009B5A39 /* GenreInteractor.swift in Sources */ = {isa = PBXBuildFile; fileRef = 7B526716249509EA009B5A39 /* GenreInteractor.swift */; };
		7B52671E249509EA009B5A39 /* GenreEntity.swift in Sources */ = {isa = PBXBuildFile; fileRef = 7B526717249509EA009B5A39 /* GenreEntity.swift */; };
		7B6F9F762495DB9A00495D8B /* AnyDecodable.swift in Sources */ = {isa = PBXBuildFile; fileRef = 7B6F9F702495DB9A00495D8B /* AnyDecodable.swift */; };
		7B6F9F772495DB9A00495D8B /* NetErrorHandler.swift in Sources */ = {isa = PBXBuildFile; fileRef = 7B6F9F712495DB9A00495D8B /* NetErrorHandler.swift */; };
		7B6F9F782495DB9A00495D8B /* NetworkCall.swift in Sources */ = {isa = PBXBuildFile; fileRef = 7B6F9F722495DB9A00495D8B /* NetworkCall.swift */; };
		7B6F9F792495DB9A00495D8B /* CacabaApiService.swift in Sources */ = {isa = PBXBuildFile; fileRef = 7B6F9F732495DB9A00495D8B /* CacabaApiService.swift */; };
		7B6F9F7A2495DB9A00495D8B /* AnyCodable.swift in Sources */ = {isa = PBXBuildFile; fileRef = 7B6F9F742495DB9A00495D8B /* AnyCodable.swift */; };
		7B6F9F7B2495DB9A00495D8B /* AnyEncodable.swift in Sources */ = {isa = PBXBuildFile; fileRef = 7B6F9F752495DB9A00495D8B /* AnyEncodable.swift */; };
		7B6F9F802495E35F00495D8B /* GetBook.swift in Sources */ = {isa = PBXBuildFile; fileRef = 7B6F9F7F2495E35F00495D8B /* GetBook.swift */; };
		7B6F9F822495E4E400495D8B /* NewBook.swift in Sources */ = {isa = PBXBuildFile; fileRef = 7B6F9F812495E4E400495D8B /* NewBook.swift */; };
		7B6F9F842495E4F100495D8B /* DetailBook.swift in Sources */ = {isa = PBXBuildFile; fileRef = 7B6F9F832495E4F100495D8B /* DetailBook.swift */; };
		7B6F9F862495E51400495D8B /* DetailAuthor.swift in Sources */ = {isa = PBXBuildFile; fileRef = 7B6F9F852495E51400495D8B /* DetailAuthor.swift */; };
		7B70F73E2496201000FDA3FF /* BookViewController+UICollectionView.swift in Sources */ = {isa = PBXBuildFile; fileRef = 7B70F73D2496201000FDA3FF /* BookViewController+UICollectionView.swift */; };
		7B70F74124962BA600FDA3FF /* Constant.swift in Sources */ = {isa = PBXBuildFile; fileRef = 7B70F74024962BA600FDA3FF /* Constant.swift */; };
		7B70F74F24962F8700FDA3FF /* TabBarPresenterProtocol.swift in Sources */ = {isa = PBXBuildFile; fileRef = 7B70F74824962F8700FDA3FF /* TabBarPresenterProtocol.swift */; };
		7B70F75024962F8700FDA3FF /* TabBarViewPresenterToView.swift in Sources */ = {isa = PBXBuildFile; fileRef = 7B70F74924962F8700FDA3FF /* TabBarViewPresenterToView.swift */; };
		7B70F75124962F8700FDA3FF /* TabBarRouter.swift in Sources */ = {isa = PBXBuildFile; fileRef = 7B70F74A24962F8700FDA3FF /* TabBarRouter.swift */; };
		7B70F75224962F8700FDA3FF /* TabBarPresenter.swift in Sources */ = {isa = PBXBuildFile; fileRef = 7B70F74B24962F8700FDA3FF /* TabBarPresenter.swift */; };
		7B70F75324962F8700FDA3FF /* TabBarViewController.swift in Sources */ = {isa = PBXBuildFile; fileRef = 7B70F74C24962F8700FDA3FF /* TabBarViewController.swift */; };
		7B70F75424962F8700FDA3FF /* TabBarInteractor.swift in Sources */ = {isa = PBXBuildFile; fileRef = 7B70F74D24962F8700FDA3FF /* TabBarInteractor.swift */; };
		7B70F75524962F8700FDA3FF /* TabBarEntity.swift in Sources */ = {isa = PBXBuildFile; fileRef = 7B70F74E24962F8700FDA3FF /* TabBarEntity.swift */; };
		7BB7D44F249507FB00E120F8 /* AppDelegate.swift in Sources */ = {isa = PBXBuildFile; fileRef = 7BB7D44E249507FB00E120F8 /* AppDelegate.swift */; };
		7BB7D451249507FB00E120F8 /* SceneDelegate.swift in Sources */ = {isa = PBXBuildFile; fileRef = 7BB7D450249507FB00E120F8 /* SceneDelegate.swift */; };
		7BB7D458249507FD00E120F8 /* Assets.xcassets in Resources */ = {isa = PBXBuildFile; fileRef = 7BB7D457249507FD00E120F8 /* Assets.xcassets */; };
		7BB7D45B249507FD00E120F8 /* LaunchScreen.storyboard in Resources */ = {isa = PBXBuildFile; fileRef = 7BB7D459249507FD00E120F8 /* LaunchScreen.storyboard */; };
		7BB7D466249507FD00E120F8 /* FinalMamiCampTests.swift in Sources */ = {isa = PBXBuildFile; fileRef = 7BB7D465249507FD00E120F8 /* FinalMamiCampTests.swift */; };
		7BB7D471249507FD00E120F8 /* FinalMamiCampUITests.swift in Sources */ = {isa = PBXBuildFile; fileRef = 7BB7D470249507FD00E120F8 /* FinalMamiCampUITests.swift */; };
		7BEA33C32496381200DE9D3A /* DetailBookPresenterProtocol.swift in Sources */ = {isa = PBXBuildFile; fileRef = 7BEA33BC2496381200DE9D3A /* DetailBookPresenterProtocol.swift */; };
		7BEA33C42496381200DE9D3A /* DetailBookViewPresenterToView.swift in Sources */ = {isa = PBXBuildFile; fileRef = 7BEA33BD2496381200DE9D3A /* DetailBookViewPresenterToView.swift */; };
		7BEA33C52496381200DE9D3A /* DetailBookRouter.swift in Sources */ = {isa = PBXBuildFile; fileRef = 7BEA33BE2496381200DE9D3A /* DetailBookRouter.swift */; };
		7BEA33C62496381200DE9D3A /* DetailBookPresenter.swift in Sources */ = {isa = PBXBuildFile; fileRef = 7BEA33BF2496381200DE9D3A /* DetailBookPresenter.swift */; };
		7BEA33C72496381200DE9D3A /* DetailBookViewController.swift in Sources */ = {isa = PBXBuildFile; fileRef = 7BEA33C02496381200DE9D3A /* DetailBookViewController.swift */; };
		7BEA33C82496381200DE9D3A /* DetailBookInteractor.swift in Sources */ = {isa = PBXBuildFile; fileRef = 7BEA33C12496381200DE9D3A /* DetailBookInteractor.swift */; };
		7BEA33C92496381200DE9D3A /* DetailBookEntity.swift in Sources */ = {isa = PBXBuildFile; fileRef = 7BEA33C22496381200DE9D3A /* DetailBookEntity.swift */; };
		CE97C98A2CB765068E09AF67 /* Pods_FinalMamiCamp_FinalMamiCampUITests.framework in Frameworks */ = {isa = PBXBuildFile; fileRef = C01061053BEDAB7CC1ACFE01 /* Pods_FinalMamiCamp_FinalMamiCampUITests.framework */; };
		E48ABD917D838D7E62D8E638 /* Pods_FinalMamiCamp.framework in Frameworks */ = {isa = PBXBuildFile; fileRef = 0D6602815E476F29B66C16A2 /* Pods_FinalMamiCamp.framework */; };
/* End PBXBuildFile section */

/* Begin PBXContainerItemProxy section */
		7BB7D462249507FD00E120F8 /* PBXContainerItemProxy */ = {
			isa = PBXContainerItemProxy;
			containerPortal = 7BB7D443249507FB00E120F8 /* Project object */;
			proxyType = 1;
			remoteGlobalIDString = 7BB7D44A249507FB00E120F8;
			remoteInfo = FinalMamiCamp;
		};
		7BB7D46D249507FD00E120F8 /* PBXContainerItemProxy */ = {
			isa = PBXContainerItemProxy;
			containerPortal = 7BB7D443249507FB00E120F8 /* Project object */;
			proxyType = 1;
			remoteGlobalIDString = 7BB7D44A249507FB00E120F8;
			remoteInfo = FinalMamiCamp;
		};
/* End PBXContainerItemProxy section */

/* Begin PBXFileReference section */
		05DDDE297933A87CBC285BAE /* Pods-FinalMamiCamp-FinalMamiCampUITests.release.xcconfig */ = {isa = PBXFileReference; includeInIndex = 1; lastKnownFileType = text.xcconfig; name = "Pods-FinalMamiCamp-FinalMamiCampUITests.release.xcconfig"; path = "Target Support Files/Pods-FinalMamiCamp-FinalMamiCampUITests/Pods-FinalMamiCamp-FinalMamiCampUITests.release.xcconfig"; sourceTree = "<group>"; };
		0D6602815E476F29B66C16A2 /* Pods_FinalMamiCamp.framework */ = {isa = PBXFileReference; explicitFileType = wrapper.framework; includeInIndex = 0; path = Pods_FinalMamiCamp.framework; sourceTree = BUILT_PRODUCTS_DIR; };
		33BCDF26F686E3AD0F63AA08 /* Pods_FinalMamiCampTests.framework */ = {isa = PBXFileReference; explicitFileType = wrapper.framework; includeInIndex = 0; path = Pods_FinalMamiCampTests.framework; sourceTree = BUILT_PRODUCTS_DIR; };
		4CA5271AD5222F7B8D243C96 /* Pods-FinalMamiCampTests.debug.xcconfig */ = {isa = PBXFileReference; includeInIndex = 1; lastKnownFileType = text.xcconfig; name = "Pods-FinalMamiCampTests.debug.xcconfig"; path = "Target Support Files/Pods-FinalMamiCampTests/Pods-FinalMamiCampTests.debug.xcconfig"; sourceTree = "<group>"; };
		71F87B01296F3D4F7A940D8F /* Pods-FinalMamiCamp-FinalMamiCampUITests.debug.xcconfig */ = {isa = PBXFileReference; includeInIndex = 1; lastKnownFileType = text.xcconfig; name = "Pods-FinalMamiCamp-FinalMamiCampUITests.debug.xcconfig"; path = "Target Support Files/Pods-FinalMamiCamp-FinalMamiCampUITests/Pods-FinalMamiCamp-FinalMamiCampUITests.debug.xcconfig"; sourceTree = "<group>"; };
		7B43F5632495CEBD0049ABDE /* GenreViewController+UICollectionView.swift */ = {isa = PBXFileReference; lastKnownFileType = sourcecode.swift; path = "GenreViewController+UICollectionView.swift"; sourceTree = "<group>"; };
		7B4E30E42495E97F002F72AA /* GetGenre.swift */ = {isa = PBXFileReference; lastKnownFileType = sourcecode.swift; path = GetGenre.swift; sourceTree = "<group>"; };
		7B4E30E624960EF6002F72AA /* GenreCell.swift */ = {isa = PBXFileReference; lastKnownFileType = sourcecode.swift; path = GenreCell.swift; sourceTree = "<group>"; };
		7B4E30F924961E86002F72AA /* BookPresenterProtocol.swift */ = {isa = PBXFileReference; lastKnownFileType = sourcecode.swift; path = BookPresenterProtocol.swift; sourceTree = "<group>"; };
		7B4E30FA24961E86002F72AA /* BookViewPresenterToView.swift */ = {isa = PBXFileReference; lastKnownFileType = sourcecode.swift; path = BookViewPresenterToView.swift; sourceTree = "<group>"; };
		7B4E30FB24961E86002F72AA /* BookRouter.swift */ = {isa = PBXFileReference; lastKnownFileType = sourcecode.swift; path = BookRouter.swift; sourceTree = "<group>"; };
		7B4E30FC24961E86002F72AA /* BookPresenter.swift */ = {isa = PBXFileReference; lastKnownFileType = sourcecode.swift; path = BookPresenter.swift; sourceTree = "<group>"; };
		7B4E30FD24961E86002F72AA /* BookViewController.swift */ = {isa = PBXFileReference; lastKnownFileType = sourcecode.swift; path = BookViewController.swift; sourceTree = "<group>"; };
		7B4E30FE24961E86002F72AA /* BookInteractor.swift */ = {isa = PBXFileReference; lastKnownFileType = sourcecode.swift; path = BookInteractor.swift; sourceTree = "<group>"; };
		7B4E30FF24961E86002F72AA /* BookEntity.swift */ = {isa = PBXFileReference; lastKnownFileType = sourcecode.swift; path = BookEntity.swift; sourceTree = "<group>"; };
		7B4E310C24961F6B002F72AA /* BookCell.swift */ = {isa = PBXFileReference; lastKnownFileType = sourcecode.swift; path = BookCell.swift; sourceTree = "<group>"; };
		7B5266982495094B009B5A39 /* R.generated.swift */ = {isa = PBXFileReference; fileEncoding = 4; lastKnownFileType = sourcecode.swift; path = R.generated.swift; sourceTree = "<group>"; };
		7B52669C24950997009B5A39 /* UICollectionView+EmptyView.swift */ = {isa = PBXFileReference; fileEncoding = 4; lastKnownFileType = sourcecode.swift; path = "UICollectionView+EmptyView.swift"; sourceTree = "<group>"; };
		7B52669D24950997009B5A39 /* UIImageView+Extension.swift */ = {isa = PBXFileReference; fileEncoding = 4; lastKnownFileType = sourcecode.swift; path = "UIImageView+Extension.swift"; sourceTree = "<group>"; };
		7B52669E24950997009B5A39 /* FontStyle.swift */ = {isa = PBXFileReference; fileEncoding = 4; lastKnownFileType = sourcecode.swift; path = FontStyle.swift; sourceTree = "<group>"; };
		7B52669F24950997009B5A39 /* UITub.swift */ = {isa = PBXFileReference; fileEncoding = 4; lastKnownFileType = sourcecode.swift; path = UITub.swift; sourceTree = "<group>"; };
		7B5266A024950997009B5A39 /* UIColor+Custom.swift */ = {isa = PBXFileReference; fileEncoding = 4; lastKnownFileType = sourcecode.swift; path = "UIColor+Custom.swift"; sourceTree = "<group>"; };
		7B5266A124950997009B5A39 /* UIView+Extension.swift */ = {isa = PBXFileReference; fileEncoding = 4; lastKnownFileType = sourcecode.swift; path = "UIView+Extension.swift"; sourceTree = "<group>"; };
		7B5266A224950997009B5A39 /* UIImage+Extension.swift */ = {isa = PBXFileReference; fileEncoding = 4; lastKnownFileType = sourcecode.swift; path = "UIImage+Extension.swift"; sourceTree = "<group>"; };
		7B5266A324950997009B5A39 /* UIViewController+Extension.swift */ = {isa = PBXFileReference; fileEncoding = 4; lastKnownFileType = sourcecode.swift; path = "UIViewController+Extension.swift"; sourceTree = "<group>"; };
		7B5266A424950997009B5A39 /* Dimension.swift */ = {isa = PBXFileReference; fileEncoding = 4; lastKnownFileType = sourcecode.swift; path = Dimension.swift; sourceTree = "<group>"; };
		7B5266A524950997009B5A39 /* DZACollectionViewFlowLayout.swift */ = {isa = PBXFileReference; fileEncoding = 4; lastKnownFileType = sourcecode.swift; path = DZACollectionViewFlowLayout.swift; sourceTree = "<group>"; };
		7B5266A624950997009B5A39 /* UICollectionView+Extension.swift */ = {isa = PBXFileReference; fileEncoding = 4; lastKnownFileType = sourcecode.swift; path = "UICollectionView+Extension.swift"; sourceTree = "<group>"; };
		7B5266A724950997009B5A39 /* DZAAlert.swift */ = {isa = PBXFileReference; fileEncoding = 4; lastKnownFileType = sourcecode.swift; path = DZAAlert.swift; sourceTree = "<group>"; };
		7B5266A824950997009B5A39 /* UITextField+Extension.swift */ = {isa = PBXFileReference; fileEncoding = 4; lastKnownFileType = sourcecode.swift; path = "UITextField+Extension.swift"; sourceTree = "<group>"; };
		7B5266A924950997009B5A39 /* UINavigationController.swift */ = {isa = PBXFileReference; fileEncoding = 4; lastKnownFileType = sourcecode.swift; path = UINavigationController.swift; sourceTree = "<group>"; };
		7B5266AB24950997009B5A39 /* Pholidota.swift */ = {isa = PBXFileReference; fileEncoding = 4; lastKnownFileType = sourcecode.swift; path = Pholidota.swift; sourceTree = "<group>"; };
		7B5266AD24950997009B5A39 /* Snacky.swift */ = {isa = PBXFileReference; fileEncoding = 4; lastKnownFileType = sourcecode.swift; path = Snacky.swift; sourceTree = "<group>"; };
		7B5266AE24950997009B5A39 /* SnackyView.swift */ = {isa = PBXFileReference; fileEncoding = 4; lastKnownFileType = sourcecode.swift; path = SnackyView.swift; sourceTree = "<group>"; };
		7B5266B024950997009B5A39 /* HalfModalPresentationController.swift */ = {isa = PBXFileReference; fileEncoding = 4; lastKnownFileType = sourcecode.swift; path = HalfModalPresentationController.swift; sourceTree = "<group>"; };
		7B5266B124950997009B5A39 /* ContainerModalViewController.swift */ = {isa = PBXFileReference; fileEncoding = 4; lastKnownFileType = sourcecode.swift; path = ContainerModalViewController.swift; sourceTree = "<group>"; };
		7B5266B224950997009B5A39 /* HalfModalInteractiveTransition.swift */ = {isa = PBXFileReference; fileEncoding = 4; lastKnownFileType = sourcecode.swift; path = HalfModalInteractiveTransition.swift; sourceTree = "<group>"; };
		7B5266B324950997009B5A39 /* HalfModalTransitionAnimator.swift */ = {isa = PBXFileReference; fileEncoding = 4; lastKnownFileType = sourcecode.swift; path = HalfModalTransitionAnimator.swift; sourceTree = "<group>"; };
		7B5266B424950997009B5A39 /* HalfModalTransitioningDelegate.swift */ = {isa = PBXFileReference; fileEncoding = 4; lastKnownFileType = sourcecode.swift; path = HalfModalTransitioningDelegate.swift; sourceTree = "<group>"; };
		7B5266B624950997009B5A39 /* KeychainSwift.swift */ = {isa = PBXFileReference; fileEncoding = 4; lastKnownFileType = sourcecode.swift; path = KeychainSwift.swift; sourceTree = "<group>"; };
		7B5266B724950997009B5A39 /* TegKeychainConstants.swift */ = {isa = PBXFileReference; fileEncoding = 4; lastKnownFileType = sourcecode.swift; path = TegKeychainConstants.swift; sourceTree = "<group>"; };
		7B5266B824950997009B5A39 /* DZAKeychain.swift */ = {isa = PBXFileReference; fileEncoding = 4; lastKnownFileType = sourcecode.swift; path = DZAKeychain.swift; sourceTree = "<group>"; };
		7B5266B924950997009B5A39 /* KeychainSwiftAccessOptions.swift */ = {isa = PBXFileReference; fileEncoding = 4; lastKnownFileType = sourcecode.swift; path = KeychainSwiftAccessOptions.swift; sourceTree = "<group>"; };
		7B5266BB24950997009B5A39 /* BottomSheetBackgroundView.swift */ = {isa = PBXFileReference; fileEncoding = 4; lastKnownFileType = sourcecode.swift; path = BottomSheetBackgroundView.swift; sourceTree = "<group>"; };
		7B5266BC24950997009B5A39 /* BottomSheetContainerView.swift */ = {isa = PBXFileReference; fileEncoding = 4; lastKnownFileType = sourcecode.swift; path = BottomSheetContainerView.swift; sourceTree = "<group>"; };
		7B5266BE24950997009B5A39 /* DZAButton.swift */ = {isa = PBXFileReference; fileEncoding = 4; lastKnownFileType = sourcecode.swift; path = DZAButton.swift; sourceTree = "<group>"; };
		7B5266BF24950997009B5A39 /* ImageLoader.swift */ = {isa = PBXFileReference; fileEncoding = 4; lastKnownFileType = sourcecode.swift; path = ImageLoader.swift; sourceTree = "<group>"; };
		7B5266C024950997009B5A39 /* IconLabel.swift */ = {isa = PBXFileReference; fileEncoding = 4; lastKnownFileType = sourcecode.swift; path = IconLabel.swift; sourceTree = "<group>"; };
		7B5266C124950997009B5A39 /* DZATextField.swift */ = {isa = PBXFileReference; fileEncoding = 4; lastKnownFileType = sourcecode.swift; path = DZATextField.swift; sourceTree = "<group>"; };
		7B5266C224950997009B5A39 /* RatingView.swift */ = {isa = PBXFileReference; fileEncoding = 4; lastKnownFileType = sourcecode.swift; path = RatingView.swift; sourceTree = "<group>"; };
		7B5266C324950997009B5A39 /* RoseTextField.swift */ = {isa = PBXFileReference; fileEncoding = 4; lastKnownFileType = sourcecode.swift; path = RoseTextField.swift; sourceTree = "<group>"; };
		7B5266C424950997009B5A39 /* DZALabelHint.swift */ = {isa = PBXFileReference; fileEncoding = 4; lastKnownFileType = sourcecode.swift; path = DZALabelHint.swift; sourceTree = "<group>"; };
		7B5266C524950997009B5A39 /* DZATextView.swift */ = {isa = PBXFileReference; fileEncoding = 4; lastKnownFileType = sourcecode.swift; path = DZATextView.swift; sourceTree = "<group>"; };
		7B5266C624950997009B5A39 /* OtpTextField.swift */ = {isa = PBXFileReference; fileEncoding = 4; lastKnownFileType = sourcecode.swift; path = OtpTextField.swift; sourceTree = "<group>"; };
		7B5266C724950997009B5A39 /* DZASpinner.swift */ = {isa = PBXFileReference; fileEncoding = 4; lastKnownFileType = sourcecode.swift; path = DZASpinner.swift; sourceTree = "<group>"; };
		7B5266C824950997009B5A39 /* QRCodeView.swift */ = {isa = PBXFileReference; fileEncoding = 4; lastKnownFileType = sourcecode.swift; path = QRCodeView.swift; sourceTree = "<group>"; };
		7B5266C924950997009B5A39 /* DZACountDownTimer.swift */ = {isa = PBXFileReference; fileEncoding = 4; lastKnownFileType = sourcecode.swift; path = DZACountDownTimer.swift; sourceTree = "<group>"; };
		7B5266CA24950997009B5A39 /* DZARefreshControl.swift */ = {isa = PBXFileReference; fileEncoding = 4; lastKnownFileType = sourcecode.swift; path = DZARefreshControl.swift; sourceTree = "<group>"; };
		7B5266CB24950997009B5A39 /* DZAEmptyView.swift */ = {isa = PBXFileReference; fileEncoding = 4; lastKnownFileType = sourcecode.swift; path = DZAEmptyView.swift; sourceTree = "<group>"; };
		7B5266CD24950997009B5A39 /* InputValidator.swift */ = {isa = PBXFileReference; fileEncoding = 4; lastKnownFileType = sourcecode.swift; path = InputValidator.swift; sourceTree = "<group>"; };
		7B5266CE24950997009B5A39 /* Global.swift */ = {isa = PBXFileReference; fileEncoding = 4; lastKnownFileType = sourcecode.swift; path = Global.swift; sourceTree = "<group>"; };
		7B5266CF24950997009B5A39 /* AuthLogout.swift */ = {isa = PBXFileReference; fileEncoding = 4; lastKnownFileType = sourcecode.swift; path = AuthLogout.swift; sourceTree = "<group>"; };
		7B5266D024950997009B5A39 /* CountDownTimer.swift */ = {isa = PBXFileReference; fileEncoding = 4; lastKnownFileType = sourcecode.swift; path = CountDownTimer.swift; sourceTree = "<group>"; };
		7B5266D124950997009B5A39 /* DZAThirdPartyApp.swift */ = {isa = PBXFileReference; fileEncoding = 4; lastKnownFileType = sourcecode.swift; path = DZAThirdPartyApp.swift; sourceTree = "<group>"; };
		7B5266D224950997009B5A39 /* UILabel+Extension.swift */ = {isa = PBXFileReference; fileEncoding = 4; lastKnownFileType = sourcecode.swift; path = "UILabel+Extension.swift"; sourceTree = "<group>"; };
		7B5266D324950997009B5A39 /* TextFieldFilter.swift */ = {isa = PBXFileReference; fileEncoding = 4; lastKnownFileType = sourcecode.swift; path = TextFieldFilter.swift; sourceTree = "<group>"; };
		7B5266D424950997009B5A39 /* Encodable+Extension.swift */ = {isa = PBXFileReference; fileEncoding = 4; lastKnownFileType = sourcecode.swift; path = "Encodable+Extension.swift"; sourceTree = "<group>"; };
		7B5266D524950997009B5A39 /* Double+Extension.swift */ = {isa = PBXFileReference; fileEncoding = 4; lastKnownFileType = sourcecode.swift; path = "Double+Extension.swift"; sourceTree = "<group>"; };
		7B5266D624950997009B5A39 /* DZAFormatter.swift */ = {isa = PBXFileReference; fileEncoding = 4; lastKnownFileType = sourcecode.swift; path = DZAFormatter.swift; sourceTree = "<group>"; };
		7B5266D724950997009B5A39 /* String+Extension.swift */ = {isa = PBXFileReference; fileEncoding = 4; lastKnownFileType = sourcecode.swift; path = "String+Extension.swift"; sourceTree = "<group>"; };
		7B5266D824950997009B5A39 /* Debouncer.swift */ = {isa = PBXFileReference; fileEncoding = 4; lastKnownFileType = sourcecode.swift; path = Debouncer.swift; sourceTree = "<group>"; };
		7B526711249509EA009B5A39 /* GenrePresenterProtocol.swift */ = {isa = PBXFileReference; lastKnownFileType = sourcecode.swift; path = GenrePresenterProtocol.swift; sourceTree = "<group>"; };
		7B526712249509EA009B5A39 /* GenreViewPresenterToView.swift */ = {isa = PBXFileReference; lastKnownFileType = sourcecode.swift; path = GenreViewPresenterToView.swift; sourceTree = "<group>"; };
		7B526713249509EA009B5A39 /* GenreRouter.swift */ = {isa = PBXFileReference; lastKnownFileType = sourcecode.swift; path = GenreRouter.swift; sourceTree = "<group>"; };
		7B526714249509EA009B5A39 /* GenrePresenter.swift */ = {isa = PBXFileReference; lastKnownFileType = sourcecode.swift; path = GenrePresenter.swift; sourceTree = "<group>"; };
		7B526715249509EA009B5A39 /* GenreViewController.swift */ = {isa = PBXFileReference; lastKnownFileType = sourcecode.swift; path = GenreViewController.swift; sourceTree = "<group>"; };
		7B526716249509EA009B5A39 /* GenreInteractor.swift */ = {isa = PBXFileReference; lastKnownFileType = sourcecode.swift; path = GenreInteractor.swift; sourceTree = "<group>"; };
		7B526717249509EA009B5A39 /* GenreEntity.swift */ = {isa = PBXFileReference; lastKnownFileType = sourcecode.swift; path = GenreEntity.swift; sourceTree = "<group>"; };
		7B6F9F702495DB9A00495D8B /* AnyDecodable.swift */ = {isa = PBXFileReference; fileEncoding = 4; lastKnownFileType = sourcecode.swift; path = AnyDecodable.swift; sourceTree = "<group>"; };
		7B6F9F712495DB9A00495D8B /* NetErrorHandler.swift */ = {isa = PBXFileReference; fileEncoding = 4; lastKnownFileType = sourcecode.swift; path = NetErrorHandler.swift; sourceTree = "<group>"; };
		7B6F9F722495DB9A00495D8B /* NetworkCall.swift */ = {isa = PBXFileReference; fileEncoding = 4; lastKnownFileType = sourcecode.swift; path = NetworkCall.swift; sourceTree = "<group>"; };
		7B6F9F732495DB9A00495D8B /* CacabaApiService.swift */ = {isa = PBXFileReference; fileEncoding = 4; lastKnownFileType = sourcecode.swift; path = CacabaApiService.swift; sourceTree = "<group>"; };
		7B6F9F742495DB9A00495D8B /* AnyCodable.swift */ = {isa = PBXFileReference; fileEncoding = 4; lastKnownFileType = sourcecode.swift; path = AnyCodable.swift; sourceTree = "<group>"; };
		7B6F9F752495DB9A00495D8B /* AnyEncodable.swift */ = {isa = PBXFileReference; fileEncoding = 4; lastKnownFileType = sourcecode.swift; path = AnyEncodable.swift; sourceTree = "<group>"; };
		7B6F9F7F2495E35F00495D8B /* GetBook.swift */ = {isa = PBXFileReference; lastKnownFileType = sourcecode.swift; path = GetBook.swift; sourceTree = "<group>"; };
		7B6F9F812495E4E400495D8B /* NewBook.swift */ = {isa = PBXFileReference; lastKnownFileType = sourcecode.swift; path = NewBook.swift; sourceTree = "<group>"; };
		7B6F9F832495E4F100495D8B /* DetailBook.swift */ = {isa = PBXFileReference; lastKnownFileType = sourcecode.swift; path = DetailBook.swift; sourceTree = "<group>"; };
		7B6F9F852495E51400495D8B /* DetailAuthor.swift */ = {isa = PBXFileReference; lastKnownFileType = sourcecode.swift; path = DetailAuthor.swift; sourceTree = "<group>"; };
		7B70F73D2496201000FDA3FF /* BookViewController+UICollectionView.swift */ = {isa = PBXFileReference; lastKnownFileType = sourcecode.swift; path = "BookViewController+UICollectionView.swift"; sourceTree = "<group>"; };
		7B70F74024962BA600FDA3FF /* Constant.swift */ = {isa = PBXFileReference; lastKnownFileType = sourcecode.swift; path = Constant.swift; sourceTree = "<group>"; };
		7B70F74824962F8700FDA3FF /* TabBarPresenterProtocol.swift */ = {isa = PBXFileReference; lastKnownFileType = sourcecode.swift; path = TabBarPresenterProtocol.swift; sourceTree = "<group>"; };
		7B70F74924962F8700FDA3FF /* TabBarViewPresenterToView.swift */ = {isa = PBXFileReference; lastKnownFileType = sourcecode.swift; path = TabBarViewPresenterToView.swift; sourceTree = "<group>"; };
		7B70F74A24962F8700FDA3FF /* TabBarRouter.swift */ = {isa = PBXFileReference; lastKnownFileType = sourcecode.swift; path = TabBarRouter.swift; sourceTree = "<group>"; };
		7B70F74B24962F8700FDA3FF /* TabBarPresenter.swift */ = {isa = PBXFileReference; lastKnownFileType = sourcecode.swift; path = TabBarPresenter.swift; sourceTree = "<group>"; };
		7B70F74C24962F8700FDA3FF /* TabBarViewController.swift */ = {isa = PBXFileReference; lastKnownFileType = sourcecode.swift; path = TabBarViewController.swift; sourceTree = "<group>"; };
		7B70F74D24962F8700FDA3FF /* TabBarInteractor.swift */ = {isa = PBXFileReference; lastKnownFileType = sourcecode.swift; path = TabBarInteractor.swift; sourceTree = "<group>"; };
		7B70F74E24962F8700FDA3FF /* TabBarEntity.swift */ = {isa = PBXFileReference; lastKnownFileType = sourcecode.swift; path = TabBarEntity.swift; sourceTree = "<group>"; };
		7BB7D44B249507FB00E120F8 /* FinalMamiCamp.app */ = {isa = PBXFileReference; explicitFileType = wrapper.application; includeInIndex = 0; path = FinalMamiCamp.app; sourceTree = BUILT_PRODUCTS_DIR; };
		7BB7D44E249507FB00E120F8 /* AppDelegate.swift */ = {isa = PBXFileReference; lastKnownFileType = sourcecode.swift; path = AppDelegate.swift; sourceTree = "<group>"; };
		7BB7D450249507FB00E120F8 /* SceneDelegate.swift */ = {isa = PBXFileReference; lastKnownFileType = sourcecode.swift; path = SceneDelegate.swift; sourceTree = "<group>"; };
		7BB7D457249507FD00E120F8 /* Assets.xcassets */ = {isa = PBXFileReference; lastKnownFileType = folder.assetcatalog; path = Assets.xcassets; sourceTree = "<group>"; };
		7BB7D45A249507FD00E120F8 /* Base */ = {isa = PBXFileReference; lastKnownFileType = file.storyboard; name = Base; path = Base.lproj/LaunchScreen.storyboard; sourceTree = "<group>"; };
		7BB7D45C249507FD00E120F8 /* Info.plist */ = {isa = PBXFileReference; lastKnownFileType = text.plist.xml; path = Info.plist; sourceTree = "<group>"; };
		7BB7D461249507FD00E120F8 /* FinalMamiCampTests.xctest */ = {isa = PBXFileReference; explicitFileType = wrapper.cfbundle; includeInIndex = 0; path = FinalMamiCampTests.xctest; sourceTree = BUILT_PRODUCTS_DIR; };
		7BB7D465249507FD00E120F8 /* FinalMamiCampTests.swift */ = {isa = PBXFileReference; lastKnownFileType = sourcecode.swift; path = FinalMamiCampTests.swift; sourceTree = "<group>"; };
		7BB7D467249507FD00E120F8 /* Info.plist */ = {isa = PBXFileReference; lastKnownFileType = text.plist.xml; path = Info.plist; sourceTree = "<group>"; };
		7BB7D46C249507FD00E120F8 /* FinalMamiCampUITests.xctest */ = {isa = PBXFileReference; explicitFileType = wrapper.cfbundle; includeInIndex = 0; path = FinalMamiCampUITests.xctest; sourceTree = BUILT_PRODUCTS_DIR; };
		7BB7D470249507FD00E120F8 /* FinalMamiCampUITests.swift */ = {isa = PBXFileReference; lastKnownFileType = sourcecode.swift; path = FinalMamiCampUITests.swift; sourceTree = "<group>"; };
		7BB7D472249507FD00E120F8 /* Info.plist */ = {isa = PBXFileReference; lastKnownFileType = text.plist.xml; path = Info.plist; sourceTree = "<group>"; };
		7BEA33BC2496381200DE9D3A /* DetailBookPresenterProtocol.swift */ = {isa = PBXFileReference; lastKnownFileType = sourcecode.swift; path = DetailBookPresenterProtocol.swift; sourceTree = "<group>"; };
		7BEA33BD2496381200DE9D3A /* DetailBookViewPresenterToView.swift */ = {isa = PBXFileReference; lastKnownFileType = sourcecode.swift; path = DetailBookViewPresenterToView.swift; sourceTree = "<group>"; };
		7BEA33BE2496381200DE9D3A /* DetailBookRouter.swift */ = {isa = PBXFileReference; lastKnownFileType = sourcecode.swift; path = DetailBookRouter.swift; sourceTree = "<group>"; };
		7BEA33BF2496381200DE9D3A /* DetailBookPresenter.swift */ = {isa = PBXFileReference; lastKnownFileType = sourcecode.swift; path = DetailBookPresenter.swift; sourceTree = "<group>"; };
		7BEA33C02496381200DE9D3A /* DetailBookViewController.swift */ = {isa = PBXFileReference; lastKnownFileType = sourcecode.swift; path = DetailBookViewController.swift; sourceTree = "<group>"; };
		7BEA33C12496381200DE9D3A /* DetailBookInteractor.swift */ = {isa = PBXFileReference; lastKnownFileType = sourcecode.swift; path = DetailBookInteractor.swift; sourceTree = "<group>"; };
		7BEA33C22496381200DE9D3A /* DetailBookEntity.swift */ = {isa = PBXFileReference; lastKnownFileType = sourcecode.swift; path = DetailBookEntity.swift; sourceTree = "<group>"; };
		C01061053BEDAB7CC1ACFE01 /* Pods_FinalMamiCamp_FinalMamiCampUITests.framework */ = {isa = PBXFileReference; explicitFileType = wrapper.framework; includeInIndex = 0; path = Pods_FinalMamiCamp_FinalMamiCampUITests.framework; sourceTree = BUILT_PRODUCTS_DIR; };
		D524A683D08C917294C15DC7 /* Pods-FinalMamiCampTests.release.xcconfig */ = {isa = PBXFileReference; includeInIndex = 1; lastKnownFileType = text.xcconfig; name = "Pods-FinalMamiCampTests.release.xcconfig"; path = "Target Support Files/Pods-FinalMamiCampTests/Pods-FinalMamiCampTests.release.xcconfig"; sourceTree = "<group>"; };
		E8B3D8BF658E2428BEC77689 /* Pods-FinalMamiCamp.debug.xcconfig */ = {isa = PBXFileReference; includeInIndex = 1; lastKnownFileType = text.xcconfig; name = "Pods-FinalMamiCamp.debug.xcconfig"; path = "Target Support Files/Pods-FinalMamiCamp/Pods-FinalMamiCamp.debug.xcconfig"; sourceTree = "<group>"; };
		ECEA4D32C7125E3F1FF029FB /* Pods-FinalMamiCamp.release.xcconfig */ = {isa = PBXFileReference; includeInIndex = 1; lastKnownFileType = text.xcconfig; name = "Pods-FinalMamiCamp.release.xcconfig"; path = "Target Support Files/Pods-FinalMamiCamp/Pods-FinalMamiCamp.release.xcconfig"; sourceTree = "<group>"; };
/* End PBXFileReference section */

/* Begin PBXFrameworksBuildPhase section */
		7BB7D448249507FB00E120F8 /* Frameworks */ = {
			isa = PBXFrameworksBuildPhase;
			buildActionMask = 2147483647;
			files = (
				E48ABD917D838D7E62D8E638 /* Pods_FinalMamiCamp.framework in Frameworks */,
			);
			runOnlyForDeploymentPostprocessing = 0;
		};
		7BB7D45E249507FD00E120F8 /* Frameworks */ = {
			isa = PBXFrameworksBuildPhase;
			buildActionMask = 2147483647;
			files = (
				762DC302F9018BFE8767BD04 /* Pods_FinalMamiCampTests.framework in Frameworks */,
			);
			runOnlyForDeploymentPostprocessing = 0;
		};
		7BB7D469249507FD00E120F8 /* Frameworks */ = {
			isa = PBXFrameworksBuildPhase;
			buildActionMask = 2147483647;
			files = (
				CE97C98A2CB765068E09AF67 /* Pods_FinalMamiCamp_FinalMamiCampUITests.framework in Frameworks */,
			);
			runOnlyForDeploymentPostprocessing = 0;
		};
/* End PBXFrameworksBuildPhase section */

/* Begin PBXGroup section */
		2110024EE0DED8D4AEEFA5EC /* Pods */ = {
			isa = PBXGroup;
			children = (
				E8B3D8BF658E2428BEC77689 /* Pods-FinalMamiCamp.debug.xcconfig */,
				ECEA4D32C7125E3F1FF029FB /* Pods-FinalMamiCamp.release.xcconfig */,
				71F87B01296F3D4F7A940D8F /* Pods-FinalMamiCamp-FinalMamiCampUITests.debug.xcconfig */,
				05DDDE297933A87CBC285BAE /* Pods-FinalMamiCamp-FinalMamiCampUITests.release.xcconfig */,
				4CA5271AD5222F7B8D243C96 /* Pods-FinalMamiCampTests.debug.xcconfig */,
				D524A683D08C917294C15DC7 /* Pods-FinalMamiCampTests.release.xcconfig */,
			);
			path = Pods;
			sourceTree = "<group>";
		};
		3F7F66E7AA82FABEEF9D3B65 /* Frameworks */ = {
			isa = PBXGroup;
			children = (
				0D6602815E476F29B66C16A2 /* Pods_FinalMamiCamp.framework */,
				C01061053BEDAB7CC1ACFE01 /* Pods_FinalMamiCamp_FinalMamiCampUITests.framework */,
				33BCDF26F686E3AD0F63AA08 /* Pods_FinalMamiCampTests.framework */,
			);
			name = Frameworks;
			sourceTree = "<group>";
		};
		7B4E30F824961E71002F72AA /* Book */ = {
			isa = PBXGroup;
			children = (
				7B4E310B24961EAF002F72AA /* View */,
				7B4E310A24961E9B002F72AA /* Interactor */,
				7B4E310924961E96002F72AA /* Presenter */,
				7B4E310824961E91002F72AA /* Entity */,
				7B4E310724961E8B002F72AA /* Router */,
			);
			path = Book;
			sourceTree = "<group>";
		};
		7B4E310724961E8B002F72AA /* Router */ = {
			isa = PBXGroup;
			children = (
				7B4E30FB24961E86002F72AA /* BookRouter.swift */,
			);
			path = Router;
			sourceTree = "<group>";
		};
		7B4E310824961E91002F72AA /* Entity */ = {
			isa = PBXGroup;
			children = (
				7B4E30FF24961E86002F72AA /* BookEntity.swift */,
			);
			path = Entity;
			sourceTree = "<group>";
		};
		7B4E310924961E96002F72AA /* Presenter */ = {
			isa = PBXGroup;
			children = (
				7B4E30FC24961E86002F72AA /* BookPresenter.swift */,
				7B4E30F924961E86002F72AA /* BookPresenterProtocol.swift */,
			);
			path = Presenter;
			sourceTree = "<group>";
		};
		7B4E310A24961E9B002F72AA /* Interactor */ = {
			isa = PBXGroup;
			children = (
				7B4E30FE24961E86002F72AA /* BookInteractor.swift */,
			);
			path = Interactor;
			sourceTree = "<group>";
		};
		7B4E310B24961EAF002F72AA /* View */ = {
			isa = PBXGroup;
			children = (
				7B4E30FD24961E86002F72AA /* BookViewController.swift */,
				7B4E30FA24961E86002F72AA /* BookViewPresenterToView.swift */,
				7B4E310C24961F6B002F72AA /* BookCell.swift */,
				7B70F73D2496201000FDA3FF /* BookViewController+UICollectionView.swift */,
			);
			path = View;
			sourceTree = "<group>";
		};
		7B52669A24950997009B5A39 /* Common */ = {
			isa = PBXGroup;
			children = (
				7B52669B24950997009B5A39 /* UI */,
				7B5266AA24950997009B5A39 /* Pholidota */,
				7B5266AC24950997009B5A39 /* Snacky */,
				7B5266AF24950997009B5A39 /* HalfModal */,
				7B5266B524950997009B5A39 /* Keychain */,
				7B5266BA24950997009B5A39 /* BottomSheet */,
				7B5266BD24950997009B5A39 /* Custom */,
				7B5266CC24950997009B5A39 /* Utility */,
			);
			path = Common;
			sourceTree = "<group>";
		};
		7B52669B24950997009B5A39 /* UI */ = {
			isa = PBXGroup;
			children = (
				7B52669C24950997009B5A39 /* UICollectionView+EmptyView.swift */,
				7B52669D24950997009B5A39 /* UIImageView+Extension.swift */,
				7B52669E24950997009B5A39 /* FontStyle.swift */,
				7B52669F24950997009B5A39 /* UITub.swift */,
				7B5266A024950997009B5A39 /* UIColor+Custom.swift */,
				7B5266A124950997009B5A39 /* UIView+Extension.swift */,
				7B5266A224950997009B5A39 /* UIImage+Extension.swift */,
				7B5266A324950997009B5A39 /* UIViewController+Extension.swift */,
				7B5266A424950997009B5A39 /* Dimension.swift */,
				7B5266A524950997009B5A39 /* DZACollectionViewFlowLayout.swift */,
				7B5266A624950997009B5A39 /* UICollectionView+Extension.swift */,
				7B5266A724950997009B5A39 /* DZAAlert.swift */,
				7B5266A824950997009B5A39 /* UITextField+Extension.swift */,
				7B5266A924950997009B5A39 /* UINavigationController.swift */,
			);
			path = UI;
			sourceTree = "<group>";
		};
		7B5266AA24950997009B5A39 /* Pholidota */ = {
			isa = PBXGroup;
			children = (
				7B5266AB24950997009B5A39 /* Pholidota.swift */,
			);
			path = Pholidota;
			sourceTree = "<group>";
		};
		7B5266AC24950997009B5A39 /* Snacky */ = {
			isa = PBXGroup;
			children = (
				7B5266AD24950997009B5A39 /* Snacky.swift */,
				7B5266AE24950997009B5A39 /* SnackyView.swift */,
			);
			path = Snacky;
			sourceTree = "<group>";
		};
		7B5266AF24950997009B5A39 /* HalfModal */ = {
			isa = PBXGroup;
			children = (
				7B5266B024950997009B5A39 /* HalfModalPresentationController.swift */,
				7B5266B124950997009B5A39 /* ContainerModalViewController.swift */,
				7B5266B224950997009B5A39 /* HalfModalInteractiveTransition.swift */,
				7B5266B324950997009B5A39 /* HalfModalTransitionAnimator.swift */,
				7B5266B424950997009B5A39 /* HalfModalTransitioningDelegate.swift */,
			);
			path = HalfModal;
			sourceTree = "<group>";
		};
		7B5266B524950997009B5A39 /* Keychain */ = {
			isa = PBXGroup;
			children = (
				7B5266B624950997009B5A39 /* KeychainSwift.swift */,
				7B5266B724950997009B5A39 /* TegKeychainConstants.swift */,
				7B5266B824950997009B5A39 /* DZAKeychain.swift */,
				7B5266B924950997009B5A39 /* KeychainSwiftAccessOptions.swift */,
			);
			path = Keychain;
			sourceTree = "<group>";
		};
		7B5266BA24950997009B5A39 /* BottomSheet */ = {
			isa = PBXGroup;
			children = (
				7B5266BB24950997009B5A39 /* BottomSheetBackgroundView.swift */,
				7B5266BC24950997009B5A39 /* BottomSheetContainerView.swift */,
			);
			path = BottomSheet;
			sourceTree = "<group>";
		};
		7B5266BD24950997009B5A39 /* Custom */ = {
			isa = PBXGroup;
			children = (
				7B5266BE24950997009B5A39 /* DZAButton.swift */,
				7B5266BF24950997009B5A39 /* ImageLoader.swift */,
				7B5266C024950997009B5A39 /* IconLabel.swift */,
				7B5266C124950997009B5A39 /* DZATextField.swift */,
				7B5266C224950997009B5A39 /* RatingView.swift */,
				7B5266C324950997009B5A39 /* RoseTextField.swift */,
				7B5266C424950997009B5A39 /* DZALabelHint.swift */,
				7B5266C524950997009B5A39 /* DZATextView.swift */,
				7B5266C624950997009B5A39 /* OtpTextField.swift */,
				7B5266C724950997009B5A39 /* DZASpinner.swift */,
				7B5266C824950997009B5A39 /* QRCodeView.swift */,
				7B5266C924950997009B5A39 /* DZACountDownTimer.swift */,
				7B5266CA24950997009B5A39 /* DZARefreshControl.swift */,
				7B5266CB24950997009B5A39 /* DZAEmptyView.swift */,
			);
			path = Custom;
			sourceTree = "<group>";
		};
		7B5266CC24950997009B5A39 /* Utility */ = {
			isa = PBXGroup;
			children = (
				7B5266CD24950997009B5A39 /* InputValidator.swift */,
				7B5266CE24950997009B5A39 /* Global.swift */,
				7B5266CF24950997009B5A39 /* AuthLogout.swift */,
				7B5266D024950997009B5A39 /* CountDownTimer.swift */,
				7B5266D124950997009B5A39 /* DZAThirdPartyApp.swift */,
				7B5266D224950997009B5A39 /* UILabel+Extension.swift */,
				7B5266D324950997009B5A39 /* TextFieldFilter.swift */,
				7B5266D424950997009B5A39 /* Encodable+Extension.swift */,
				7B5266D524950997009B5A39 /* Double+Extension.swift */,
				7B5266D624950997009B5A39 /* DZAFormatter.swift */,
				7B5266D724950997009B5A39 /* String+Extension.swift */,
				7B5266D824950997009B5A39 /* Debouncer.swift */,
			);
			path = Utility;
			sourceTree = "<group>";
		};
		7B52670F249509CD009B5A39 /* Feature */ = {
			isa = PBXGroup;
			children = (
				7BEA33B5249637D000DE9D3A /* DetailBook */,
				7B70F74224962F5100FDA3FF /* TabBar */,
				7B4E30F824961E71002F72AA /* Book */,
				7B526710249509D9009B5A39 /* Genre */,
			);
			path = Feature;
			sourceTree = "<group>";
		};
		7B526710249509D9009B5A39 /* Genre */ = {
			isa = PBXGroup;
			children = (
				7B52672324950A0A009B5A39 /* View */,
				7B52672224950A03009B5A39 /* Interactor */,
				7B526721249509FB009B5A39 /* Presenter */,
				7B526720249509F3009B5A39 /* Entity */,
				7B52671F249509EE009B5A39 /* Router */,
			);
			path = Genre;
			sourceTree = "<group>";
		};
		7B52671F249509EE009B5A39 /* Router */ = {
			isa = PBXGroup;
			children = (
				7B526713249509EA009B5A39 /* GenreRouter.swift */,
			);
			path = Router;
			sourceTree = "<group>";
		};
		7B526720249509F3009B5A39 /* Entity */ = {
			isa = PBXGroup;
			children = (
				7B526717249509EA009B5A39 /* GenreEntity.swift */,
			);
			path = Entity;
			sourceTree = "<group>";
		};
		7B526721249509FB009B5A39 /* Presenter */ = {
			isa = PBXGroup;
			children = (
				7B526714249509EA009B5A39 /* GenrePresenter.swift */,
				7B526711249509EA009B5A39 /* GenrePresenterProtocol.swift */,
			);
			path = Presenter;
			sourceTree = "<group>";
		};
		7B52672224950A03009B5A39 /* Interactor */ = {
			isa = PBXGroup;
			children = (
				7B526716249509EA009B5A39 /* GenreInteractor.swift */,
			);
			path = Interactor;
			sourceTree = "<group>";
		};
		7B52672324950A0A009B5A39 /* View */ = {
			isa = PBXGroup;
			children = (
				7B526715249509EA009B5A39 /* GenreViewController.swift */,
				7B526712249509EA009B5A39 /* GenreViewPresenterToView.swift */,
				7B43F5632495CEBD0049ABDE /* GenreViewController+UICollectionView.swift */,
				7B4E30E624960EF6002F72AA /* GenreCell.swift */,
			);
			path = View;
			sourceTree = "<group>";
		};
		7B6F9F6F2495DB9A00495D8B /* Network */ = {
			isa = PBXGroup;
			children = (
				7B6F9F7C2495E29E00495D8B /* Model */,
				7B6F9F702495DB9A00495D8B /* AnyDecodable.swift */,
				7B6F9F712495DB9A00495D8B /* NetErrorHandler.swift */,
				7B6F9F722495DB9A00495D8B /* NetworkCall.swift */,
				7B6F9F732495DB9A00495D8B /* CacabaApiService.swift */,
				7B6F9F742495DB9A00495D8B /* AnyCodable.swift */,
				7B6F9F752495DB9A00495D8B /* AnyEncodable.swift */,
			);
			path = Network;
			sourceTree = "<group>";
		};
		7B6F9F7C2495E29E00495D8B /* Model */ = {
			isa = PBXGroup;
			children = (
				7B6F9F7F2495E35F00495D8B /* GetBook.swift */,
				7B6F9F812495E4E400495D8B /* NewBook.swift */,
				7B6F9F832495E4F100495D8B /* DetailBook.swift */,
				7B6F9F852495E51400495D8B /* DetailAuthor.swift */,
				7B4E30E42495E97F002F72AA /* GetGenre.swift */,
			);
			path = Model;
			sourceTree = "<group>";
		};
		7B70F73F24962B9100FDA3FF /* Config */ = {
			isa = PBXGroup;
			children = (
				7B70F74024962BA600FDA3FF /* Constant.swift */,
			);
			path = Config;
			sourceTree = "<group>";
		};
		7B70F74224962F5100FDA3FF /* TabBar */ = {
			isa = PBXGroup;
			children = (
				7B70F74724962F7800FDA3FF /* View */,
				7B70F74624962F6F00FDA3FF /* Interactor */,
				7B70F74524962F6900FDA3FF /* Presenter */,
				7B70F74424962F6200FDA3FF /* Entity */,
				7B70F74324962F5B00FDA3FF /* Router */,
			);
			path = TabBar;
			sourceTree = "<group>";
		};
		7B70F74324962F5B00FDA3FF /* Router */ = {
			isa = PBXGroup;
			children = (
				7B70F74A24962F8700FDA3FF /* TabBarRouter.swift */,
			);
			path = Router;
			sourceTree = "<group>";
		};
		7B70F74424962F6200FDA3FF /* Entity */ = {
			isa = PBXGroup;
			children = (
				7B70F74E24962F8700FDA3FF /* TabBarEntity.swift */,
			);
			path = Entity;
			sourceTree = "<group>";
		};
		7B70F74524962F6900FDA3FF /* Presenter */ = {
			isa = PBXGroup;
			children = (
				7B70F74B24962F8700FDA3FF /* TabBarPresenter.swift */,
				7B70F74824962F8700FDA3FF /* TabBarPresenterProtocol.swift */,
			);
			path = Presenter;
			sourceTree = "<group>";
		};
		7B70F74624962F6F00FDA3FF /* Interactor */ = {
			isa = PBXGroup;
			children = (
				7B70F74D24962F8700FDA3FF /* TabBarInteractor.swift */,
			);
			path = Interactor;
			sourceTree = "<group>";
		};
		7B70F74724962F7800FDA3FF /* View */ = {
			isa = PBXGroup;
			children = (
				7B70F74C24962F8700FDA3FF /* TabBarViewController.swift */,
				7B70F74924962F8700FDA3FF /* TabBarViewPresenterToView.swift */,
			);
			path = View;
			sourceTree = "<group>";
		};
		7BB7D442249507FB00E120F8 = {
			isa = PBXGroup;
			children = (
				7BB7D44D249507FB00E120F8 /* FinalMamiCamp */,
				7BB7D464249507FD00E120F8 /* FinalMamiCampTests */,
				7BB7D46F249507FD00E120F8 /* FinalMamiCampUITests */,
				7BB7D44C249507FB00E120F8 /* Products */,
				2110024EE0DED8D4AEEFA5EC /* Pods */,
				3F7F66E7AA82FABEEF9D3B65 /* Frameworks */,
				7B5266982495094B009B5A39 /* R.generated.swift */,
			);
			sourceTree = "<group>";
		};
		7BB7D44C249507FB00E120F8 /* Products */ = {
			isa = PBXGroup;
			children = (
				7BB7D44B249507FB00E120F8 /* FinalMamiCamp.app */,
				7BB7D461249507FD00E120F8 /* FinalMamiCampTests.xctest */,
				7BB7D46C249507FD00E120F8 /* FinalMamiCampUITests.xctest */,
			);
			name = Products;
			sourceTree = "<group>";
		};
		7BB7D44D249507FB00E120F8 /* FinalMamiCamp */ = {
			isa = PBXGroup;
			children = (
				7B70F73F24962B9100FDA3FF /* Config */,
				7B52669A24950997009B5A39 /* Common */,
				7B52670F249509CD009B5A39 /* Feature */,
				7B6F9F6F2495DB9A00495D8B /* Network */,
				7BB7D44E249507FB00E120F8 /* AppDelegate.swift */,
				7BB7D450249507FB00E120F8 /* SceneDelegate.swift */,
				7BB7D457249507FD00E120F8 /* Assets.xcassets */,
				7BB7D459249507FD00E120F8 /* LaunchScreen.storyboard */,
				7BB7D45C249507FD00E120F8 /* Info.plist */,
			);
			path = FinalMamiCamp;
			sourceTree = "<group>";
		};
		7BB7D464249507FD00E120F8 /* FinalMamiCampTests */ = {
			isa = PBXGroup;
			children = (
				7BB7D465249507FD00E120F8 /* FinalMamiCampTests.swift */,
				7BB7D467249507FD00E120F8 /* Info.plist */,
			);
			path = FinalMamiCampTests;
			sourceTree = "<group>";
		};
		7BB7D46F249507FD00E120F8 /* FinalMamiCampUITests */ = {
			isa = PBXGroup;
			children = (
				7BB7D470249507FD00E120F8 /* FinalMamiCampUITests.swift */,
				7BB7D472249507FD00E120F8 /* Info.plist */,
			);
			path = FinalMamiCampUITests;
			sourceTree = "<group>";
		};
		7BEA33B5249637D000DE9D3A /* DetailBook */ = {
			isa = PBXGroup;
			children = (
				7BEA33BB2496380200DE9D3A /* View */,
				7BEA33BA249637FB00DE9D3A /* Interactor */,
				7BEA33B9249637F600DE9D3A /* Presenter */,
				7BEA33B7249637E600DE9D3A /* Entity */,
				7BEA33B6249637DC00DE9D3A /* Router */,
			);
			path = DetailBook;
			sourceTree = "<group>";
		};
		7BEA33B6249637DC00DE9D3A /* Router */ = {
			isa = PBXGroup;
			children = (
				7BEA33BE2496381200DE9D3A /* DetailBookRouter.swift */,
			);
			path = Router;
			sourceTree = "<group>";
		};
		7BEA33B7249637E600DE9D3A /* Entity */ = {
			isa = PBXGroup;
			children = (
				7BEA33C22496381200DE9D3A /* DetailBookEntity.swift */,
			);
			path = Entity;
			sourceTree = "<group>";
		};
		7BEA33B9249637F600DE9D3A /* Presenter */ = {
			isa = PBXGroup;
			children = (
				7BEA33BF2496381200DE9D3A /* DetailBookPresenter.swift */,
				7BEA33BC2496381200DE9D3A /* DetailBookPresenterProtocol.swift */,
			);
			path = Presenter;
			sourceTree = "<group>";
		};
		7BEA33BA249637FB00DE9D3A /* Interactor */ = {
			isa = PBXGroup;
			children = (
				7BEA33C12496381200DE9D3A /* DetailBookInteractor.swift */,
			);
			path = Interactor;
			sourceTree = "<group>";
		};
		7BEA33BB2496380200DE9D3A /* View */ = {
			isa = PBXGroup;
			children = (
				7BEA33C02496381200DE9D3A /* DetailBookViewController.swift */,
				7BEA33BD2496381200DE9D3A /* DetailBookViewPresenterToView.swift */,
			);
			path = View;
			sourceTree = "<group>";
		};
/* End PBXGroup section */

/* Begin PBXNativeTarget section */
		7BB7D44A249507FB00E120F8 /* FinalMamiCamp */ = {
			isa = PBXNativeTarget;
			buildConfigurationList = 7BB7D475249507FD00E120F8 /* Build configuration list for PBXNativeTarget "FinalMamiCamp" */;
			buildPhases = (
				CD32DBEC544061245FD8311F /* [CP] Check Pods Manifest.lock */,
				7B526697249508FA009B5A39 /* ShellScript */,
				7BB7D447249507FB00E120F8 /* Sources */,
				7BB7D448249507FB00E120F8 /* Frameworks */,
				7BB7D449249507FB00E120F8 /* Resources */,
				0F55D361073894B7E0F5A776 /* [CP] Embed Pods Frameworks */,
			);
			buildRules = (
			);
			dependencies = (
			);
			name = FinalMamiCamp;
			productName = FinalMamiCamp;
			productReference = 7BB7D44B249507FB00E120F8 /* FinalMamiCamp.app */;
			productType = "com.apple.product-type.application";
		};
		7BB7D460249507FD00E120F8 /* FinalMamiCampTests */ = {
			isa = PBXNativeTarget;
			buildConfigurationList = 7BB7D478249507FD00E120F8 /* Build configuration list for PBXNativeTarget "FinalMamiCampTests" */;
			buildPhases = (
				2CD4F7ECD6246785DFB01F83 /* [CP] Check Pods Manifest.lock */,
				7BB7D45D249507FD00E120F8 /* Sources */,
				7BB7D45E249507FD00E120F8 /* Frameworks */,
				7BB7D45F249507FD00E120F8 /* Resources */,
			);
			buildRules = (
			);
			dependencies = (
				7BB7D463249507FD00E120F8 /* PBXTargetDependency */,
			);
			name = FinalMamiCampTests;
			productName = FinalMamiCampTests;
			productReference = 7BB7D461249507FD00E120F8 /* FinalMamiCampTests.xctest */;
			productType = "com.apple.product-type.bundle.unit-test";
		};
		7BB7D46B249507FD00E120F8 /* FinalMamiCampUITests */ = {
			isa = PBXNativeTarget;
			buildConfigurationList = 7BB7D47B249507FD00E120F8 /* Build configuration list for PBXNativeTarget "FinalMamiCampUITests" */;
			buildPhases = (
				C4B501C00DD87B30080D8DB9 /* [CP] Check Pods Manifest.lock */,
				7BB7D468249507FD00E120F8 /* Sources */,
				7BB7D469249507FD00E120F8 /* Frameworks */,
				7BB7D46A249507FD00E120F8 /* Resources */,
				C01F7CA257F9AC3C98C91175 /* [CP] Embed Pods Frameworks */,
			);
			buildRules = (
			);
			dependencies = (
				7BB7D46E249507FD00E120F8 /* PBXTargetDependency */,
			);
			name = FinalMamiCampUITests;
			productName = FinalMamiCampUITests;
			productReference = 7BB7D46C249507FD00E120F8 /* FinalMamiCampUITests.xctest */;
			productType = "com.apple.product-type.bundle.ui-testing";
		};
/* End PBXNativeTarget section */

/* Begin PBXProject section */
		7BB7D443249507FB00E120F8 /* Project object */ = {
			isa = PBXProject;
			attributes = {
				LastSwiftUpdateCheck = 1120;
				LastUpgradeCheck = 1120;
				ORGANIZATIONNAME = dhiyaulhaqza;
				TargetAttributes = {
					7BB7D44A249507FB00E120F8 = {
						CreatedOnToolsVersion = 11.2.1;
					};
					7BB7D460249507FD00E120F8 = {
						CreatedOnToolsVersion = 11.2.1;
						TestTargetID = 7BB7D44A249507FB00E120F8;
					};
					7BB7D46B249507FD00E120F8 = {
						CreatedOnToolsVersion = 11.2.1;
						TestTargetID = 7BB7D44A249507FB00E120F8;
					};
				};
			};
			buildConfigurationList = 7BB7D446249507FB00E120F8 /* Build configuration list for PBXProject "FinalMamiCamp" */;
			compatibilityVersion = "Xcode 9.3";
			developmentRegion = en;
			hasScannedForEncodings = 0;
			knownRegions = (
				en,
				Base,
			);
			mainGroup = 7BB7D442249507FB00E120F8;
			productRefGroup = 7BB7D44C249507FB00E120F8 /* Products */;
			projectDirPath = "";
			projectRoot = "";
			targets = (
				7BB7D44A249507FB00E120F8 /* FinalMamiCamp */,
				7BB7D460249507FD00E120F8 /* FinalMamiCampTests */,
				7BB7D46B249507FD00E120F8 /* FinalMamiCampUITests */,
			);
		};
/* End PBXProject section */

/* Begin PBXResourcesBuildPhase section */
		7BB7D449249507FB00E120F8 /* Resources */ = {
			isa = PBXResourcesBuildPhase;
			buildActionMask = 2147483647;
			files = (
				7BB7D45B249507FD00E120F8 /* LaunchScreen.storyboard in Resources */,
				7BB7D458249507FD00E120F8 /* Assets.xcassets in Resources */,
			);
			runOnlyForDeploymentPostprocessing = 0;
		};
		7BB7D45F249507FD00E120F8 /* Resources */ = {
			isa = PBXResourcesBuildPhase;
			buildActionMask = 2147483647;
			files = (
			);
			runOnlyForDeploymentPostprocessing = 0;
		};
		7BB7D46A249507FD00E120F8 /* Resources */ = {
			isa = PBXResourcesBuildPhase;
			buildActionMask = 2147483647;
			files = (
			);
			runOnlyForDeploymentPostprocessing = 0;
		};
/* End PBXResourcesBuildPhase section */

/* Begin PBXShellScriptBuildPhase section */
		0F55D361073894B7E0F5A776 /* [CP] Embed Pods Frameworks */ = {
			isa = PBXShellScriptBuildPhase;
			buildActionMask = 2147483647;
			files = (
			);
			inputFileListPaths = (
				"${PODS_ROOT}/Target Support Files/Pods-FinalMamiCamp/Pods-FinalMamiCamp-frameworks-${CONFIGURATION}-input-files.xcfilelist",
			);
			name = "[CP] Embed Pods Frameworks";
			outputFileListPaths = (
				"${PODS_ROOT}/Target Support Files/Pods-FinalMamiCamp/Pods-FinalMamiCamp-frameworks-${CONFIGURATION}-output-files.xcfilelist",
			);
			runOnlyForDeploymentPostprocessing = 0;
			shellPath = /bin/sh;
			shellScript = "\"${PODS_ROOT}/Target Support Files/Pods-FinalMamiCamp/Pods-FinalMamiCamp-frameworks.sh\"\n";
			showEnvVarsInLog = 0;
		};
		2CD4F7ECD6246785DFB01F83 /* [CP] Check Pods Manifest.lock */ = {
			isa = PBXShellScriptBuildPhase;
			buildActionMask = 2147483647;
			files = (
			);
			inputFileListPaths = (
			);
			inputPaths = (
				"${PODS_PODFILE_DIR_PATH}/Podfile.lock",
				"${PODS_ROOT}/Manifest.lock",
			);
			name = "[CP] Check Pods Manifest.lock";
			outputFileListPaths = (
			);
			outputPaths = (
				"$(DERIVED_FILE_DIR)/Pods-FinalMamiCampTests-checkManifestLockResult.txt",
			);
			runOnlyForDeploymentPostprocessing = 0;
			shellPath = /bin/sh;
			shellScript = "diff \"${PODS_PODFILE_DIR_PATH}/Podfile.lock\" \"${PODS_ROOT}/Manifest.lock\" > /dev/null\nif [ $? != 0 ] ; then\n    # print error to STDERR\n    echo \"error: The sandbox is not in sync with the Podfile.lock. Run 'pod install' or update your CocoaPods installation.\" >&2\n    exit 1\nfi\n# This output is used by Xcode 'outputs' to avoid re-running this script phase.\necho \"SUCCESS\" > \"${SCRIPT_OUTPUT_FILE_0}\"\n";
			showEnvVarsInLog = 0;
		};
		7B526697249508FA009B5A39 /* ShellScript */ = {
			isa = PBXShellScriptBuildPhase;
			buildActionMask = 2147483647;
			files = (
			);
			inputFileListPaths = (
			);
			inputPaths = (
				"$TEMP_DIR/rswift-lastrun",
			);
			outputFileListPaths = (
			);
			outputPaths = (
				$SRCROOT/R.generated.swift,
			);
			runOnlyForDeploymentPostprocessing = 0;
			shellPath = /bin/sh;
			shellScript = "\"$PODS_ROOT/R.swift/rswift\" generate \"$SRCROOT/R.generated.swift\"\n";
		};
		C01F7CA257F9AC3C98C91175 /* [CP] Embed Pods Frameworks */ = {
			isa = PBXShellScriptBuildPhase;
			buildActionMask = 2147483647;
			files = (
			);
			inputFileListPaths = (
				"${PODS_ROOT}/Target Support Files/Pods-FinalMamiCamp-FinalMamiCampUITests/Pods-FinalMamiCamp-FinalMamiCampUITests-frameworks-${CONFIGURATION}-input-files.xcfilelist",
			);
			name = "[CP] Embed Pods Frameworks";
			outputFileListPaths = (
				"${PODS_ROOT}/Target Support Files/Pods-FinalMamiCamp-FinalMamiCampUITests/Pods-FinalMamiCamp-FinalMamiCampUITests-frameworks-${CONFIGURATION}-output-files.xcfilelist",
			);
			runOnlyForDeploymentPostprocessing = 0;
			shellPath = /bin/sh;
			shellScript = "\"${PODS_ROOT}/Target Support Files/Pods-FinalMamiCamp-FinalMamiCampUITests/Pods-FinalMamiCamp-FinalMamiCampUITests-frameworks.sh\"\n";
			showEnvVarsInLog = 0;
		};
		C4B501C00DD87B30080D8DB9 /* [CP] Check Pods Manifest.lock */ = {
			isa = PBXShellScriptBuildPhase;
			buildActionMask = 2147483647;
			files = (
			);
			inputFileListPaths = (
			);
			inputPaths = (
				"${PODS_PODFILE_DIR_PATH}/Podfile.lock",
				"${PODS_ROOT}/Manifest.lock",
			);
			name = "[CP] Check Pods Manifest.lock";
			outputFileListPaths = (
			);
			outputPaths = (
				"$(DERIVED_FILE_DIR)/Pods-FinalMamiCamp-FinalMamiCampUITests-checkManifestLockResult.txt",
			);
			runOnlyForDeploymentPostprocessing = 0;
			shellPath = /bin/sh;
			shellScript = "diff \"${PODS_PODFILE_DIR_PATH}/Podfile.lock\" \"${PODS_ROOT}/Manifest.lock\" > /dev/null\nif [ $? != 0 ] ; then\n    # print error to STDERR\n    echo \"error: The sandbox is not in sync with the Podfile.lock. Run 'pod install' or update your CocoaPods installation.\" >&2\n    exit 1\nfi\n# This output is used by Xcode 'outputs' to avoid re-running this script phase.\necho \"SUCCESS\" > \"${SCRIPT_OUTPUT_FILE_0}\"\n";
			showEnvVarsInLog = 0;
		};
		CD32DBEC544061245FD8311F /* [CP] Check Pods Manifest.lock */ = {
			isa = PBXShellScriptBuildPhase;
			buildActionMask = 2147483647;
			files = (
			);
			inputFileListPaths = (
			);
			inputPaths = (
				"${PODS_PODFILE_DIR_PATH}/Podfile.lock",
				"${PODS_ROOT}/Manifest.lock",
			);
			name = "[CP] Check Pods Manifest.lock";
			outputFileListPaths = (
			);
			outputPaths = (
				"$(DERIVED_FILE_DIR)/Pods-FinalMamiCamp-checkManifestLockResult.txt",
			);
			runOnlyForDeploymentPostprocessing = 0;
			shellPath = /bin/sh;
			shellScript = "diff \"${PODS_PODFILE_DIR_PATH}/Podfile.lock\" \"${PODS_ROOT}/Manifest.lock\" > /dev/null\nif [ $? != 0 ] ; then\n    # print error to STDERR\n    echo \"error: The sandbox is not in sync with the Podfile.lock. Run 'pod install' or update your CocoaPods installation.\" >&2\n    exit 1\nfi\n# This output is used by Xcode 'outputs' to avoid re-running this script phase.\necho \"SUCCESS\" > \"${SCRIPT_OUTPUT_FILE_0}\"\n";
			showEnvVarsInLog = 0;
		};
/* End PBXShellScriptBuildPhase section */

/* Begin PBXSourcesBuildPhase section */
		7BB7D447249507FB00E120F8 /* Sources */ = {
			isa = PBXSourcesBuildPhase;
			buildActionMask = 2147483647;
			files = (
				7B5266E424950997009B5A39 /* DZAAlert.swift in Sources */,
				7B70F75224962F8700FDA3FF /* TabBarPresenter.swift in Sources */,
				7B5266E724950997009B5A39 /* Pholidota.swift in Sources */,
				7B5266E024950997009B5A39 /* UIViewController+Extension.swift in Sources */,
				7B6F9F772495DB9A00495D8B /* NetErrorHandler.swift in Sources */,
				7B6F9F792495DB9A00495D8B /* CacabaApiService.swift in Sources */,
				7B52671B249509EA009B5A39 /* GenrePresenter.swift in Sources */,
				7BEA33C52496381200DE9D3A /* DetailBookRouter.swift in Sources */,
				7BEA33C62496381200DE9D3A /* DetailBookPresenter.swift in Sources */,
				7B4E30E52495E97F002F72AA /* GetGenre.swift in Sources */,
				7B526718249509EA009B5A39 /* GenrePresenterProtocol.swift in Sources */,
				7B52671C249509EA009B5A39 /* GenreViewController.swift in Sources */,
				7B5266DA24950997009B5A39 /* UIImageView+Extension.swift in Sources */,
				7B5266E924950997009B5A39 /* SnackyView.swift in Sources */,
				7B52670324950997009B5A39 /* InputValidator.swift in Sources */,
				7B70F75024962F8700FDA3FF /* TabBarViewPresenterToView.swift in Sources */,
				7B5266F424950997009B5A39 /* BottomSheetContainerView.swift in Sources */,
				7BEA33C92496381200DE9D3A /* DetailBookEntity.swift in Sources */,
				7B5266E224950997009B5A39 /* DZACollectionViewFlowLayout.swift in Sources */,
				7B52670424950997009B5A39 /* Global.swift in Sources */,
				7B6F9F862495E51400495D8B /* DetailAuthor.swift in Sources */,
				7B5266F124950997009B5A39 /* DZAKeychain.swift in Sources */,
				7B5266DD24950997009B5A39 /* UIColor+Custom.swift in Sources */,
				7B5266FB24950997009B5A39 /* DZALabelHint.swift in Sources */,
				7BEA33C42496381200DE9D3A /* DetailBookViewPresenterToView.swift in Sources */,
				7B5266ED24950997009B5A39 /* HalfModalTransitionAnimator.swift in Sources */,
				7B43F5642495CEBD0049ABDE /* GenreViewController+UICollectionView.swift in Sources */,
				7B5266EC24950997009B5A39 /* HalfModalInteractiveTransition.swift in Sources */,
				7B5266FA24950997009B5A39 /* RoseTextField.swift in Sources */,
				7B52671D249509EA009B5A39 /* GenreInteractor.swift in Sources */,
				7BB7D44F249507FB00E120F8 /* AppDelegate.swift in Sources */,
				7B52670524950997009B5A39 /* AuthLogout.swift in Sources */,
				7B5266E324950997009B5A39 /* UICollectionView+Extension.swift in Sources */,
				7B52671E249509EA009B5A39 /* GenreEntity.swift in Sources */,
				7B4E310324961E86002F72AA /* BookPresenter.swift in Sources */,
				7B5266F324950997009B5A39 /* BottomSheetBackgroundView.swift in Sources */,
				7BB7D451249507FB00E120F8 /* SceneDelegate.swift in Sources */,
				7B4E30E724960EF6002F72AA /* GenreCell.swift in Sources */,
				7B5266D924950997009B5A39 /* UICollectionView+EmptyView.swift in Sources */,
				7B4E310424961E86002F72AA /* BookViewController.swift in Sources */,
				7B52671A249509EA009B5A39 /* GenreRouter.swift in Sources */,
				7B52670D24950997009B5A39 /* String+Extension.swift in Sources */,
				7B52670024950997009B5A39 /* DZACountDownTimer.swift in Sources */,
				7B5266F024950997009B5A39 /* TegKeychainConstants.swift in Sources */,
				7B52670C24950997009B5A39 /* DZAFormatter.swift in Sources */,
				7B52670824950997009B5A39 /* UILabel+Extension.swift in Sources */,
				7B6F9F842495E4F100495D8B /* DetailBook.swift in Sources */,
				7B4E310224961E86002F72AA /* BookRouter.swift in Sources */,
				7B52670E24950997009B5A39 /* Debouncer.swift in Sources */,
				7B52670924950997009B5A39 /* TextFieldFilter.swift in Sources */,
				7B6F9F802495E35F00495D8B /* GetBook.swift in Sources */,
				7B5266F224950997009B5A39 /* KeychainSwiftAccessOptions.swift in Sources */,
				7B5266FE24950997009B5A39 /* DZASpinner.swift in Sources */,
				7B6F9F7B2495DB9A00495D8B /* AnyEncodable.swift in Sources */,
				7B5266F724950997009B5A39 /* IconLabel.swift in Sources */,
				7B5266992495094B009B5A39 /* R.generated.swift in Sources */,
				7B526719249509EA009B5A39 /* GenreViewPresenterToView.swift in Sources */,
				7BEA33C72496381200DE9D3A /* DetailBookViewController.swift in Sources */,
				7B6F9F822495E4E400495D8B /* NewBook.swift in Sources */,
				7B70F73E2496201000FDA3FF /* BookViewController+UICollectionView.swift in Sources */,
				7B70F75124962F8700FDA3FF /* TabBarRouter.swift in Sources */,
				7B52670724950997009B5A39 /* DZAThirdPartyApp.swift in Sources */,
				7B70F74F24962F8700FDA3FF /* TabBarPresenterProtocol.swift in Sources */,
				7B5266E824950997009B5A39 /* Snacky.swift in Sources */,
				7B52670224950997009B5A39 /* DZAEmptyView.swift in Sources */,
				7B4E310624961E86002F72AA /* BookEntity.swift in Sources */,
				7B5266EA24950997009B5A39 /* HalfModalPresentationController.swift in Sources */,
				7B5266F524950997009B5A39 /* DZAButton.swift in Sources */,
				7B5266EF24950997009B5A39 /* KeychainSwift.swift in Sources */,
				7B4E310D24961F6B002F72AA /* BookCell.swift in Sources */,
				7BEA33C32496381200DE9D3A /* DetailBookPresenterProtocol.swift in Sources */,
				7BEA33C82496381200DE9D3A /* DetailBookInteractor.swift in Sources */,
				7B5266FC24950997009B5A39 /* DZATextView.swift in Sources */,
				7B5266EE24950997009B5A39 /* HalfModalTransitioningDelegate.swift in Sources */,
				7B52670B24950997009B5A39 /* Double+Extension.swift in Sources */,
				7B5266FF24950997009B5A39 /* QRCodeView.swift in Sources */,
				7B5266DB24950997009B5A39 /* FontStyle.swift in Sources */,
				7B52670124950997009B5A39 /* DZARefreshControl.swift in Sources */,
				7B52670A24950997009B5A39 /* Encodable+Extension.swift in Sources */,
				7B70F74124962BA600FDA3FF /* Constant.swift in Sources */,
				7B5266E124950997009B5A39 /* Dimension.swift in Sources */,
				7B4E310024961E86002F72AA /* BookPresenterProtocol.swift in Sources */,
				7B6F9F762495DB9A00495D8B /* AnyDecodable.swift in Sources */,
				7B6F9F7A2495DB9A00495D8B /* AnyCodable.swift in Sources */,
				7B5266DE24950997009B5A39 /* UIView+Extension.swift in Sources */,
				7B5266F624950997009B5A39 /* ImageLoader.swift in Sources */,
				7B5266DF24950997009B5A39 /* UIImage+Extension.swift in Sources */,
				7B5266E624950997009B5A39 /* UINavigationController.swift in Sources */,
				7B52670624950997009B5A39 /* CountDownTimer.swift in Sources */,
				7B5266FD24950997009B5A39 /* OtpTextField.swift in Sources */,
				7B6F9F782495DB9A00495D8B /* NetworkCall.swift in Sources */,
				7B70F75324962F8700FDA3FF /* TabBarViewController.swift in Sources */,
				7B5266DC24950997009B5A39 /* UITub.swift in Sources */,
				7B70F75424962F8700FDA3FF /* TabBarInteractor.swift in Sources */,
				7B4E310124961E86002F72AA /* BookViewPresenterToView.swift in Sources */,
				7B4E310524961E86002F72AA /* BookInteractor.swift in Sources */,
				7B5266F824950997009B5A39 /* DZATextField.swift in Sources */,
				7B70F75524962F8700FDA3FF /* TabBarEntity.swift in Sources */,
				7B5266EB24950997009B5A39 /* ContainerModalViewController.swift in Sources */,
				7B5266F924950997009B5A39 /* RatingView.swift in Sources */,
				7B5266E524950997009B5A39 /* UITextField+Extension.swift in Sources */,
			);
			runOnlyForDeploymentPostprocessing = 0;
		};
		7BB7D45D249507FD00E120F8 /* Sources */ = {
			isa = PBXSourcesBuildPhase;
			buildActionMask = 2147483647;
			files = (
				7BB7D466249507FD00E120F8 /* FinalMamiCampTests.swift in Sources */,
			);
			runOnlyForDeploymentPostprocessing = 0;
		};
		7BB7D468249507FD00E120F8 /* Sources */ = {
			isa = PBXSourcesBuildPhase;
			buildActionMask = 2147483647;
			files = (
				7BB7D471249507FD00E120F8 /* FinalMamiCampUITests.swift in Sources */,
			);
			runOnlyForDeploymentPostprocessing = 0;
		};
/* End PBXSourcesBuildPhase section */

/* Begin PBXTargetDependency section */
		7BB7D463249507FD00E120F8 /* PBXTargetDependency */ = {
			isa = PBXTargetDependency;
			target = 7BB7D44A249507FB00E120F8 /* FinalMamiCamp */;
			targetProxy = 7BB7D462249507FD00E120F8 /* PBXContainerItemProxy */;
		};
		7BB7D46E249507FD00E120F8 /* PBXTargetDependency */ = {
			isa = PBXTargetDependency;
			target = 7BB7D44A249507FB00E120F8 /* FinalMamiCamp */;
			targetProxy = 7BB7D46D249507FD00E120F8 /* PBXContainerItemProxy */;
		};
/* End PBXTargetDependency section */

/* Begin PBXVariantGroup section */
		7BB7D459249507FD00E120F8 /* LaunchScreen.storyboard */ = {
			isa = PBXVariantGroup;
			children = (
				7BB7D45A249507FD00E120F8 /* Base */,
			);
			name = LaunchScreen.storyboard;
			sourceTree = "<group>";
		};
/* End PBXVariantGroup section */

/* Begin XCBuildConfiguration section */
		7BB7D473249507FD00E120F8 /* Debug */ = {
			isa = XCBuildConfiguration;
			buildSettings = {
				ALWAYS_SEARCH_USER_PATHS = NO;
				CLANG_ANALYZER_NONNULL = YES;
				CLANG_ANALYZER_NUMBER_OBJECT_CONVERSION = YES_AGGRESSIVE;
				CLANG_CXX_LANGUAGE_STANDARD = "gnu++14";
				CLANG_CXX_LIBRARY = "libc++";
				CLANG_ENABLE_MODULES = YES;
				CLANG_ENABLE_OBJC_ARC = YES;
				CLANG_ENABLE_OBJC_WEAK = YES;
				CLANG_WARN_BLOCK_CAPTURE_AUTORELEASING = YES;
				CLANG_WARN_BOOL_CONVERSION = YES;
				CLANG_WARN_COMMA = YES;
				CLANG_WARN_CONSTANT_CONVERSION = YES;
				CLANG_WARN_DEPRECATED_OBJC_IMPLEMENTATIONS = YES;
				CLANG_WARN_DIRECT_OBJC_ISA_USAGE = YES_ERROR;
				CLANG_WARN_DOCUMENTATION_COMMENTS = YES;
				CLANG_WARN_EMPTY_BODY = YES;
				CLANG_WARN_ENUM_CONVERSION = YES;
				CLANG_WARN_INFINITE_RECURSION = YES;
				CLANG_WARN_INT_CONVERSION = YES;
				CLANG_WARN_NON_LITERAL_NULL_CONVERSION = YES;
				CLANG_WARN_OBJC_IMPLICIT_RETAIN_SELF = YES;
				CLANG_WARN_OBJC_LITERAL_CONVERSION = YES;
				CLANG_WARN_OBJC_ROOT_CLASS = YES_ERROR;
				CLANG_WARN_RANGE_LOOP_ANALYSIS = YES;
				CLANG_WARN_STRICT_PROTOTYPES = YES;
				CLANG_WARN_SUSPICIOUS_MOVE = YES;
				CLANG_WARN_UNGUARDED_AVAILABILITY = YES_AGGRESSIVE;
				CLANG_WARN_UNREACHABLE_CODE = YES;
				CLANG_WARN__DUPLICATE_METHOD_MATCH = YES;
				COPY_PHASE_STRIP = NO;
				DEBUG_INFORMATION_FORMAT = dwarf;
				ENABLE_STRICT_OBJC_MSGSEND = YES;
				ENABLE_TESTABILITY = YES;
				GCC_C_LANGUAGE_STANDARD = gnu11;
				GCC_DYNAMIC_NO_PIC = NO;
				GCC_NO_COMMON_BLOCKS = YES;
				GCC_OPTIMIZATION_LEVEL = 0;
				GCC_PREPROCESSOR_DEFINITIONS = (
					"DEBUG=1",
					"$(inherited)",
				);
				GCC_WARN_64_TO_32_BIT_CONVERSION = YES;
				GCC_WARN_ABOUT_RETURN_TYPE = YES_ERROR;
				GCC_WARN_UNDECLARED_SELECTOR = YES;
				GCC_WARN_UNINITIALIZED_AUTOS = YES_AGGRESSIVE;
				GCC_WARN_UNUSED_FUNCTION = YES;
				GCC_WARN_UNUSED_VARIABLE = YES;
				IPHONEOS_DEPLOYMENT_TARGET = 13.2;
				MTL_ENABLE_DEBUG_INFO = INCLUDE_SOURCE;
				MTL_FAST_MATH = YES;
				ONLY_ACTIVE_ARCH = YES;
				SDKROOT = iphoneos;
				SWIFT_ACTIVE_COMPILATION_CONDITIONS = DEBUG;
				SWIFT_OPTIMIZATION_LEVEL = "-Onone";
			};
			name = Debug;
		};
		7BB7D474249507FD00E120F8 /* Release */ = {
			isa = XCBuildConfiguration;
			buildSettings = {
				ALWAYS_SEARCH_USER_PATHS = NO;
				CLANG_ANALYZER_NONNULL = YES;
				CLANG_ANALYZER_NUMBER_OBJECT_CONVERSION = YES_AGGRESSIVE;
				CLANG_CXX_LANGUAGE_STANDARD = "gnu++14";
				CLANG_CXX_LIBRARY = "libc++";
				CLANG_ENABLE_MODULES = YES;
				CLANG_ENABLE_OBJC_ARC = YES;
				CLANG_ENABLE_OBJC_WEAK = YES;
				CLANG_WARN_BLOCK_CAPTURE_AUTORELEASING = YES;
				CLANG_WARN_BOOL_CONVERSION = YES;
				CLANG_WARN_COMMA = YES;
				CLANG_WARN_CONSTANT_CONVERSION = YES;
				CLANG_WARN_DEPRECATED_OBJC_IMPLEMENTATIONS = YES;
				CLANG_WARN_DIRECT_OBJC_ISA_USAGE = YES_ERROR;
				CLANG_WARN_DOCUMENTATION_COMMENTS = YES;
				CLANG_WARN_EMPTY_BODY = YES;
				CLANG_WARN_ENUM_CONVERSION = YES;
				CLANG_WARN_INFINITE_RECURSION = YES;
				CLANG_WARN_INT_CONVERSION = YES;
				CLANG_WARN_NON_LITERAL_NULL_CONVERSION = YES;
				CLANG_WARN_OBJC_IMPLICIT_RETAIN_SELF = YES;
				CLANG_WARN_OBJC_LITERAL_CONVERSION = YES;
				CLANG_WARN_OBJC_ROOT_CLASS = YES_ERROR;
				CLANG_WARN_RANGE_LOOP_ANALYSIS = YES;
				CLANG_WARN_STRICT_PROTOTYPES = YES;
				CLANG_WARN_SUSPICIOUS_MOVE = YES;
				CLANG_WARN_UNGUARDED_AVAILABILITY = YES_AGGRESSIVE;
				CLANG_WARN_UNREACHABLE_CODE = YES;
				CLANG_WARN__DUPLICATE_METHOD_MATCH = YES;
				COPY_PHASE_STRIP = NO;
				DEBUG_INFORMATION_FORMAT = "dwarf-with-dsym";
				ENABLE_NS_ASSERTIONS = NO;
				ENABLE_STRICT_OBJC_MSGSEND = YES;
				GCC_C_LANGUAGE_STANDARD = gnu11;
				GCC_NO_COMMON_BLOCKS = YES;
				GCC_WARN_64_TO_32_BIT_CONVERSION = YES;
				GCC_WARN_ABOUT_RETURN_TYPE = YES_ERROR;
				GCC_WARN_UNDECLARED_SELECTOR = YES;
				GCC_WARN_UNINITIALIZED_AUTOS = YES_AGGRESSIVE;
				GCC_WARN_UNUSED_FUNCTION = YES;
				GCC_WARN_UNUSED_VARIABLE = YES;
				IPHONEOS_DEPLOYMENT_TARGET = 13.2;
				MTL_ENABLE_DEBUG_INFO = NO;
				MTL_FAST_MATH = YES;
				SDKROOT = iphoneos;
				SWIFT_COMPILATION_MODE = wholemodule;
				SWIFT_OPTIMIZATION_LEVEL = "-O";
				VALIDATE_PRODUCT = YES;
			};
			name = Release;
		};
		7BB7D476249507FD00E120F8 /* Debug */ = {
			isa = XCBuildConfiguration;
			baseConfigurationReference = E8B3D8BF658E2428BEC77689 /* Pods-FinalMamiCamp.debug.xcconfig */;
			buildSettings = {
				ASSETCATALOG_COMPILER_APPICON_NAME = AppIcon;
				CODE_SIGN_STYLE = Automatic;
				INFOPLIST_FILE = FinalMamiCamp/Info.plist;
				LD_RUNPATH_SEARCH_PATHS = (
					"$(inherited)",
					"@executable_path/Frameworks",
				);
				PRODUCT_BUNDLE_IDENTIFIER = com.dhiyaulhaqza.FinalMamiCamp;
				PRODUCT_NAME = "$(TARGET_NAME)";
				SWIFT_VERSION = 5.0;
				TARGETED_DEVICE_FAMILY = 1;
			};
			name = Debug;
		};
		7BB7D477249507FD00E120F8 /* Release */ = {
			isa = XCBuildConfiguration;
			baseConfigurationReference = ECEA4D32C7125E3F1FF029FB /* Pods-FinalMamiCamp.release.xcconfig */;
			buildSettings = {
				ASSETCATALOG_COMPILER_APPICON_NAME = AppIcon;
				CODE_SIGN_STYLE = Automatic;
				INFOPLIST_FILE = FinalMamiCamp/Info.plist;
				LD_RUNPATH_SEARCH_PATHS = (
					"$(inherited)",
					"@executable_path/Frameworks",
				);
				PRODUCT_BUNDLE_IDENTIFIER = com.dhiyaulhaqza.FinalMamiCamp;
				PRODUCT_NAME = "$(TARGET_NAME)";
				SWIFT_VERSION = 5.0;
				TARGETED_DEVICE_FAMILY = 1;
			};
			name = Release;
		};
		7BB7D479249507FD00E120F8 /* Debug */ = {
			isa = XCBuildConfiguration;
			baseConfigurationReference = 4CA5271AD5222F7B8D243C96 /* Pods-FinalMamiCampTests.debug.xcconfig */;
			buildSettings = {
				ALWAYS_EMBED_SWIFT_STANDARD_LIBRARIES = YES;
				BUNDLE_LOADER = "$(TEST_HOST)";
				CODE_SIGN_STYLE = Automatic;
				INFOPLIST_FILE = FinalMamiCampTests/Info.plist;
				IPHONEOS_DEPLOYMENT_TARGET = 13.2;
				LD_RUNPATH_SEARCH_PATHS = (
					"$(inherited)",
					"@executable_path/Frameworks",
					"@loader_path/Frameworks",
				);
				PRODUCT_BUNDLE_IDENTIFIER = com.dhiyaulhaqza.FinalMamiCampTests;
				PRODUCT_NAME = "$(TARGET_NAME)";
				SWIFT_VERSION = 5.0;
				TARGETED_DEVICE_FAMILY = "1,2";
				TEST_HOST = "$(BUILT_PRODUCTS_DIR)/FinalMamiCamp.app/FinalMamiCamp";
			};
			name = Debug;
		};
		7BB7D47A249507FD00E120F8 /* Release */ = {
			isa = XCBuildConfiguration;
			baseConfigurationReference = D524A683D08C917294C15DC7 /* Pods-FinalMamiCampTests.release.xcconfig */;
			buildSettings = {
				ALWAYS_EMBED_SWIFT_STANDARD_LIBRARIES = YES;
				BUNDLE_LOADER = "$(TEST_HOST)";
				CODE_SIGN_STYLE = Automatic;
				INFOPLIST_FILE = FinalMamiCampTests/Info.plist;
				IPHONEOS_DEPLOYMENT_TARGET = 13.2;
				LD_RUNPATH_SEARCH_PATHS = (
					"$(inherited)",
					"@executable_path/Frameworks",
					"@loader_path/Frameworks",
				);
				PRODUCT_BUNDLE_IDENTIFIER = com.dhiyaulhaqza.FinalMamiCampTests;
				PRODUCT_NAME = "$(TARGET_NAME)";
				SWIFT_VERSION = 5.0;
				TARGETED_DEVICE_FAMILY = "1,2";
				TEST_HOST = "$(BUILT_PRODUCTS_DIR)/FinalMamiCamp.app/FinalMamiCamp";
			};
			name = Release;
		};
		7BB7D47C249507FD00E120F8 /* Debug */ = {
			isa = XCBuildConfiguration;
			baseConfigurationReference = 71F87B01296F3D4F7A940D8F /* Pods-FinalMamiCamp-FinalMamiCampUITests.debug.xcconfig */;
			buildSettings = {
				ALWAYS_EMBED_SWIFT_STANDARD_LIBRARIES = YES;
				CODE_SIGN_STYLE = Automatic;
				INFOPLIST_FILE = FinalMamiCampUITests/Info.plist;
				LD_RUNPATH_SEARCH_PATHS = (
					"$(inherited)",
					"@executable_path/Frameworks",
					"@loader_path/Frameworks",
				);
				PRODUCT_BUNDLE_IDENTIFIER = com.dhiyaulhaqza.FinalMamiCampUITests;
				PRODUCT_NAME = "$(TARGET_NAME)";
				SWIFT_VERSION = 5.0;
				TARGETED_DEVICE_FAMILY = "1,2";
				TEST_TARGET_NAME = FinalMamiCamp;
			};
			name = Debug;
		};
		7BB7D47D249507FD00E120F8 /* Release */ = {
			isa = XCBuildConfiguration;
			baseConfigurationReference = 05DDDE297933A87CBC285BAE /* Pods-FinalMamiCamp-FinalMamiCampUITests.release.xcconfig */;
			buildSettings = {
				ALWAYS_EMBED_SWIFT_STANDARD_LIBRARIES = YES;
				CODE_SIGN_STYLE = Automatic;
				INFOPLIST_FILE = FinalMamiCampUITests/Info.plist;
				LD_RUNPATH_SEARCH_PATHS = (
					"$(inherited)",
					"@executable_path/Frameworks",
					"@loader_path/Frameworks",
				);
				PRODUCT_BUNDLE_IDENTIFIER = com.dhiyaulhaqza.FinalMamiCampUITests;
				PRODUCT_NAME = "$(TARGET_NAME)";
				SWIFT_VERSION = 5.0;
				TARGETED_DEVICE_FAMILY = "1,2";
				TEST_TARGET_NAME = FinalMamiCamp;
			};
			name = Release;
		};
/* End XCBuildConfiguration section */

/* Begin XCConfigurationList section */
		7BB7D446249507FB00E120F8 /* Build configuration list for PBXProject "FinalMamiCamp" */ = {
			isa = XCConfigurationList;
			buildConfigurations = (
				7BB7D473249507FD00E120F8 /* Debug */,
				7BB7D474249507FD00E120F8 /* Release */,
			);
			defaultConfigurationIsVisible = 0;
			defaultConfigurationName = Release;
		};
		7BB7D475249507FD00E120F8 /* Build configuration list for PBXNativeTarget "FinalMamiCamp" */ = {
			isa = XCConfigurationList;
			buildConfigurations = (
				7BB7D476249507FD00E120F8 /* Debug */,
				7BB7D477249507FD00E120F8 /* Release */,
			);
			defaultConfigurationIsVisible = 0;
			defaultConfigurationName = Release;
		};
		7BB7D478249507FD00E120F8 /* Build configuration list for PBXNativeTarget "FinalMamiCampTests" */ = {
			isa = XCConfigurationList;
			buildConfigurations = (
				7BB7D479249507FD00E120F8 /* Debug */,
				7BB7D47A249507FD00E120F8 /* Release */,
			);
			defaultConfigurationIsVisible = 0;
			defaultConfigurationName = Release;
		};
		7BB7D47B249507FD00E120F8 /* Build configuration list for PBXNativeTarget "FinalMamiCampUITests" */ = {
			isa = XCConfigurationList;
			buildConfigurations = (
				7BB7D47C249507FD00E120F8 /* Debug */,
				7BB7D47D249507FD00E120F8 /* Release */,
			);
			defaultConfigurationIsVisible = 0;
			defaultConfigurationName = Release;
		};
/* End XCConfigurationList section */
	};
	rootObject = 7BB7D443249507FB00E120F8 /* Project object */;
}
